
Microsoft Visual Studio Solution File, Format Version 12.00
# Visual Studio 15
VisualStudioVersion = 15.0.28307.438
MinimumVisualStudioVersion = 10.0.40219.1
Project("{FAE04EC0-301F-11D3-BF4B-00C04F79EFBC}") = "ProjectSpartan.Android", "ProjectSpartan\ProjectSpartan.Android\ProjectSpartan.Android.csproj", "{876E70CE-B42A-48D8-A8B6-54E1B8A81AC2}"
EndProject
Project("{FAE04EC0-301F-11D3-BF4B-00C04F79EFBC}") = "ProjectSpartan.iOS", "ProjectSpartan\ProjectSpartan.iOS\ProjectSpartan.iOS.csproj", "{477D69E0-530F-4765-9F22-689B05CDA5A2}"
EndProject
Project("{9A19103F-16F7-4668-BE54-9A1E7A4F7556}") = "ProjectSpartan.UI", "ProjectSpartan\ProjectSpartan\ProjectSpartan.UI.csproj", "{4DACF82F-A8B0-4794-A52C-90371F043927}"
EndProject
Project("{2150E333-8FDC-42A3-9474-1A3956D46DE8}") = "CrossPlatform", "CrossPlatform", "{2A9A48C5-A69F-42CA-800F-BEAB6FFBBCF1}"
EndProject
Project("{2150E333-8FDC-42A3-9474-1A3956D46DE8}") = "Platforms", "Platforms", "{EEF18FBA-BD83-41DD-B499-1A161C81BFFA}"
EndProject
Project("{2150E333-8FDC-42A3-9474-1A3956D46DE8}") = "Tests", "Tests", "{D225BF81-51C6-46B5-B140-AC761B9D89E2}"
EndProject
Project("{9A19103F-16F7-4668-BE54-9A1E7A4F7556}") = "ProjectSpartan.UI.Tests", "ProjectSpartan.Tests\ProjectSpartan.UI.Tests.csproj", "{27ECC412-138E-4CE4-B66F-A0C6BCD86A99}"
EndProject
Project("{9A19103F-16F7-4668-BE54-9A1E7A4F7556}") = "ProjectSpartan.DataAccess", "ProjectSpartan.DataAccess\ProjectSpartan.DataAccess.csproj", "{D5735DA2-9A87-4D3B-8437-3659C494CBFD}"
EndProject
Project("{9A19103F-16F7-4668-BE54-9A1E7A4F7556}") = "ProjectSpartan.Business", "ProjectSpartan.Business\ProjectSpartan.Business.csproj", "{69F6BD70-0136-4634-A0AD-DB492C36C9F2}"
EndProject
Project("{9A19103F-16F7-4668-BE54-9A1E7A4F7556}") = "ProjectSpartan.Services", "ProjectSpartan.Services\ProjectSpartan.Services.csproj", "{4F94BFDD-2E19-4A94-9C11-DF3A15C99C94}"
EndProject
Project("{FAE04EC0-301F-11D3-BF4B-00C04F79EFBC}") = "ProjectSpartan.Business.Tests", "ProjectSpartan.Business.Tests\ProjectSpartan.Business.Tests.csproj", "{D7F14171-AFD3-4581-866A-10B36767D9E3}"
EndProject
Project("{FAE04EC0-301F-11D3-BF4B-00C04F79EFBC}") = "ProjectSpartan.DataAccess.Tests", "ProjectSpartan.DataAccess.Tests\ProjectSpartan.DataAccess.Tests.csproj", "{332C0B3F-1BD8-4F7D-9958-DADC79291FC5}"
EndProject
Project("{FAE04EC0-301F-11D3-BF4B-00C04F79EFBC}") = "ProjectSpartan.Services.Tests", "ProjectSpartan.Services.Tests\ProjectSpartan.Services.Tests.csproj", "{3ACB34E6-EC5C-41DE-9E41-3D4972B9BBF4}"
EndProject
Global
	GlobalSection(SolutionConfigurationPlatforms) = preSolution
		Ad-Hoc|Any CPU = Ad-Hoc|Any CPU
		Ad-Hoc|iPhone = Ad-Hoc|iPhone
		Ad-Hoc|iPhoneSimulator = Ad-Hoc|iPhoneSimulator
		AppStore|Any CPU = AppStore|Any CPU
		AppStore|iPhone = AppStore|iPhone
		AppStore|iPhoneSimulator = AppStore|iPhoneSimulator
		Debug|Any CPU = Debug|Any CPU
		Debug|iPhone = Debug|iPhone
		Debug|iPhoneSimulator = Debug|iPhoneSimulator
		Release|Any CPU = Release|Any CPU
		Release|iPhone = Release|iPhone
		Release|iPhoneSimulator = Release|iPhoneSimulator
	EndGlobalSection
	GlobalSection(ProjectConfigurationPlatforms) = postSolution
		{876E70CE-B42A-48D8-A8B6-54E1B8A81AC2}.Ad-Hoc|Any CPU.ActiveCfg = Release|Any CPU
		{876E70CE-B42A-48D8-A8B6-54E1B8A81AC2}.Ad-Hoc|Any CPU.Build.0 = Release|Any CPU
		{876E70CE-B42A-48D8-A8B6-54E1B8A81AC2}.Ad-Hoc|Any CPU.Deploy.0 = Release|Any CPU
		{876E70CE-B42A-48D8-A8B6-54E1B8A81AC2}.Ad-Hoc|iPhone.ActiveCfg = Release|Any CPU
		{876E70CE-B42A-48D8-A8B6-54E1B8A81AC2}.Ad-Hoc|iPhone.Build.0 = Release|Any CPU
		{876E70CE-B42A-48D8-A8B6-54E1B8A81AC2}.Ad-Hoc|iPhone.Deploy.0 = Release|Any CPU
		{876E70CE-B42A-48D8-A8B6-54E1B8A81AC2}.Ad-Hoc|iPhoneSimulator.ActiveCfg = Release|Any CPU
		{876E70CE-B42A-48D8-A8B6-54E1B8A81AC2}.Ad-Hoc|iPhoneSimulator.Build.0 = Release|Any CPU
		{876E70CE-B42A-48D8-A8B6-54E1B8A81AC2}.Ad-Hoc|iPhoneSimulator.Deploy.0 = Release|Any CPU
		{876E70CE-B42A-48D8-A8B6-54E1B8A81AC2}.AppStore|Any CPU.ActiveCfg = Release|Any CPU
		{876E70CE-B42A-48D8-A8B6-54E1B8A81AC2}.AppStore|Any CPU.Build.0 = Release|Any CPU
		{876E70CE-B42A-48D8-A8B6-54E1B8A81AC2}.AppStore|Any CPU.Deploy.0 = Release|Any CPU
		{876E70CE-B42A-48D8-A8B6-54E1B8A81AC2}.AppStore|iPhone.ActiveCfg = Release|Any CPU
		{876E70CE-B42A-48D8-A8B6-54E1B8A81AC2}.AppStore|iPhone.Build.0 = Release|Any CPU
		{876E70CE-B42A-48D8-A8B6-54E1B8A81AC2}.AppStore|iPhone.Deploy.0 = Release|Any CPU
		{876E70CE-B42A-48D8-A8B6-54E1B8A81AC2}.AppStore|iPhoneSimulator.ActiveCfg = Release|Any CPU
		{876E70CE-B42A-48D8-A8B6-54E1B8A81AC2}.AppStore|iPhoneSimulator.Build.0 = Release|Any CPU
		{876E70CE-B42A-48D8-A8B6-54E1B8A81AC2}.AppStore|iPhoneSimulator.Deploy.0 = Release|Any CPU
		{876E70CE-B42A-48D8-A8B6-54E1B8A81AC2}.Debug|Any CPU.ActiveCfg = Debug|Any CPU
		{876E70CE-B42A-48D8-A8B6-54E1B8A81AC2}.Debug|Any CPU.Build.0 = Debug|Any CPU
		{876E70CE-B42A-48D8-A8B6-54E1B8A81AC2}.Debug|Any CPU.Deploy.0 = Debug|Any CPU
		{876E70CE-B42A-48D8-A8B6-54E1B8A81AC2}.Debug|iPhone.ActiveCfg = Debug|Any CPU
		{876E70CE-B42A-48D8-A8B6-54E1B8A81AC2}.Debug|iPhone.Build.0 = Debug|Any CPU
		{876E70CE-B42A-48D8-A8B6-54E1B8A81AC2}.Debug|iPhone.Deploy.0 = Debug|Any CPU
		{876E70CE-B42A-48D8-A8B6-54E1B8A81AC2}.Debug|iPhoneSimulator.ActiveCfg = Debug|Any CPU
		{876E70CE-B42A-48D8-A8B6-54E1B8A81AC2}.Debug|iPhoneSimulator.Build.0 = Debug|Any CPU
		{876E70CE-B42A-48D8-A8B6-54E1B8A81AC2}.Debug|iPhoneSimulator.Deploy.0 = Debug|Any CPU
		{876E70CE-B42A-48D8-A8B6-54E1B8A81AC2}.Release|Any CPU.ActiveCfg = Release|Any CPU
		{876E70CE-B42A-48D8-A8B6-54E1B8A81AC2}.Release|Any CPU.Build.0 = Release|Any CPU
		{876E70CE-B42A-48D8-A8B6-54E1B8A81AC2}.Release|Any CPU.Deploy.0 = Release|Any CPU
		{876E70CE-B42A-48D8-A8B6-54E1B8A81AC2}.Release|iPhone.ActiveCfg = Release|Any CPU
		{876E70CE-B42A-48D8-A8B6-54E1B8A81AC2}.Release|iPhone.Build.0 = Release|Any CPU
		{876E70CE-B42A-48D8-A8B6-54E1B8A81AC2}.Release|iPhone.Deploy.0 = Release|Any CPU
		{876E70CE-B42A-48D8-A8B6-54E1B8A81AC2}.Release|iPhoneSimulator.ActiveCfg = Release|Any CPU
		{876E70CE-B42A-48D8-A8B6-54E1B8A81AC2}.Release|iPhoneSimulator.Build.0 = Release|Any CPU
		{876E70CE-B42A-48D8-A8B6-54E1B8A81AC2}.Release|iPhoneSimulator.Deploy.0 = Release|Any CPU
		{477D69E0-530F-4765-9F22-689B05CDA5A2}.Ad-Hoc|Any CPU.ActiveCfg = Ad-Hoc|iPhone
		{477D69E0-530F-4765-9F22-689B05CDA5A2}.Ad-Hoc|Any CPU.Build.0 = Ad-Hoc|iPhone
		{477D69E0-530F-4765-9F22-689B05CDA5A2}.Ad-Hoc|Any CPU.Deploy.0 = Ad-Hoc|iPhone
		{477D69E0-530F-4765-9F22-689B05CDA5A2}.Ad-Hoc|iPhone.ActiveCfg = Ad-Hoc|iPhone
		{477D69E0-530F-4765-9F22-689B05CDA5A2}.Ad-Hoc|iPhone.Build.0 = Ad-Hoc|iPhone
		{477D69E0-530F-4765-9F22-689B05CDA5A2}.Ad-Hoc|iPhone.Deploy.0 = Ad-Hoc|iPhone
		{477D69E0-530F-4765-9F22-689B05CDA5A2}.Ad-Hoc|iPhoneSimulator.ActiveCfg = Ad-Hoc|iPhoneSimulator
		{477D69E0-530F-4765-9F22-689B05CDA5A2}.Ad-Hoc|iPhoneSimulator.Build.0 = Ad-Hoc|iPhoneSimulator
		{477D69E0-530F-4765-9F22-689B05CDA5A2}.Ad-Hoc|iPhoneSimulator.Deploy.0 = Ad-Hoc|iPhoneSimulator
		{477D69E0-530F-4765-9F22-689B05CDA5A2}.AppStore|Any CPU.ActiveCfg = AppStore|iPhone
		{477D69E0-530F-4765-9F22-689B05CDA5A2}.AppStore|Any CPU.Build.0 = AppStore|iPhone
		{477D69E0-530F-4765-9F22-689B05CDA5A2}.AppStore|Any CPU.Deploy.0 = AppStore|iPhone
		{477D69E0-530F-4765-9F22-689B05CDA5A2}.AppStore|iPhone.ActiveCfg = AppStore|iPhone
		{477D69E0-530F-4765-9F22-689B05CDA5A2}.AppStore|iPhone.Build.0 = AppStore|iPhone
		{477D69E0-530F-4765-9F22-689B05CDA5A2}.AppStore|iPhone.Deploy.0 = AppStore|iPhone
		{477D69E0-530F-4765-9F22-689B05CDA5A2}.AppStore|iPhoneSimulator.ActiveCfg = AppStore|iPhoneSimulator
		{477D69E0-530F-4765-9F22-689B05CDA5A2}.AppStore|iPhoneSimulator.Build.0 = AppStore|iPhoneSimulator
		{477D69E0-530F-4765-9F22-689B05CDA5A2}.AppStore|iPhoneSimulator.Deploy.0 = AppStore|iPhoneSimulator
		{477D69E0-530F-4765-9F22-689B05CDA5A2}.Debug|Any CPU.ActiveCfg = Debug|iPhoneSimulator
		{477D69E0-530F-4765-9F22-689B05CDA5A2}.Debug|Any CPU.Build.0 = Debug|iPhoneSimulator
		{477D69E0-530F-4765-9F22-689B05CDA5A2}.Debug|Any CPU.Deploy.0 = Debug|iPhoneSimulator
		{477D69E0-530F-4765-9F22-689B05CDA5A2}.Debug|iPhone.ActiveCfg = Debug|iPhone
		{477D69E0-530F-4765-9F22-689B05CDA5A2}.Debug|iPhone.Build.0 = Debug|iPhone
		{477D69E0-530F-4765-9F22-689B05CDA5A2}.Debug|iPhone.Deploy.0 = Debug|iPhone
		{477D69E0-530F-4765-9F22-689B05CDA5A2}.Debug|iPhoneSimulator.ActiveCfg = Debug|iPhoneSimulator
		{477D69E0-530F-4765-9F22-689B05CDA5A2}.Debug|iPhoneSimulator.Build.0 = Debug|iPhoneSimulator
		{477D69E0-530F-4765-9F22-689B05CDA5A2}.Debug|iPhoneSimulator.Deploy.0 = Debug|iPhoneSimulator
		{477D69E0-530F-4765-9F22-689B05CDA5A2}.Release|Any CPU.ActiveCfg = Release|iPhone
		{477D69E0-530F-4765-9F22-689B05CDA5A2}.Release|Any CPU.Build.0 = Release|iPhone
		{477D69E0-530F-4765-9F22-689B05CDA5A2}.Release|Any CPU.Deploy.0 = Release|iPhone
		{477D69E0-530F-4765-9F22-689B05CDA5A2}.Release|iPhone.ActiveCfg = Release|iPhone
		{477D69E0-530F-4765-9F22-689B05CDA5A2}.Release|iPhone.Build.0 = Release|iPhone
		{477D69E0-530F-4765-9F22-689B05CDA5A2}.Release|iPhone.Deploy.0 = Release|iPhone
		{477D69E0-530F-4765-9F22-689B05CDA5A2}.Release|iPhoneSimulator.ActiveCfg = Release|iPhoneSimulator
		{477D69E0-530F-4765-9F22-689B05CDA5A2}.Release|iPhoneSimulator.Build.0 = Release|iPhoneSimulator
		{477D69E0-530F-4765-9F22-689B05CDA5A2}.Release|iPhoneSimulator.Deploy.0 = Release|iPhoneSimulator
		{4DACF82F-A8B0-4794-A52C-90371F043927}.Ad-Hoc|Any CPU.ActiveCfg = Debug|Any CPU
		{4DACF82F-A8B0-4794-A52C-90371F043927}.Ad-Hoc|Any CPU.Build.0 = Debug|Any CPU
		{4DACF82F-A8B0-4794-A52C-90371F043927}.Ad-Hoc|Any CPU.Deploy.0 = Debug|Any CPU
		{4DACF82F-A8B0-4794-A52C-90371F043927}.Ad-Hoc|iPhone.ActiveCfg = Debug|Any CPU
		{4DACF82F-A8B0-4794-A52C-90371F043927}.Ad-Hoc|iPhone.Build.0 = Debug|Any CPU
		{4DACF82F-A8B0-4794-A52C-90371F043927}.Ad-Hoc|iPhone.Deploy.0 = Debug|Any CPU
		{4DACF82F-A8B0-4794-A52C-90371F043927}.Ad-Hoc|iPhoneSimulator.ActiveCfg = Debug|Any CPU
		{4DACF82F-A8B0-4794-A52C-90371F043927}.Ad-Hoc|iPhoneSimulator.Build.0 = Debug|Any CPU
		{4DACF82F-A8B0-4794-A52C-90371F043927}.Ad-Hoc|iPhoneSimulator.Deploy.0 = Debug|Any CPU
		{4DACF82F-A8B0-4794-A52C-90371F043927}.AppStore|Any CPU.ActiveCfg = Debug|Any CPU
		{4DACF82F-A8B0-4794-A52C-90371F043927}.AppStore|Any CPU.Build.0 = Debug|Any CPU
		{4DACF82F-A8B0-4794-A52C-90371F043927}.AppStore|Any CPU.Deploy.0 = Debug|Any CPU
		{4DACF82F-A8B0-4794-A52C-90371F043927}.AppStore|iPhone.ActiveCfg = Debug|Any CPU
		{4DACF82F-A8B0-4794-A52C-90371F043927}.AppStore|iPhone.Build.0 = Debug|Any CPU
		{4DACF82F-A8B0-4794-A52C-90371F043927}.AppStore|iPhone.Deploy.0 = Debug|Any CPU
		{4DACF82F-A8B0-4794-A52C-90371F043927}.AppStore|iPhoneSimulator.ActiveCfg = Debug|Any CPU
		{4DACF82F-A8B0-4794-A52C-90371F043927}.AppStore|iPhoneSimulator.Build.0 = Debug|Any CPU
		{4DACF82F-A8B0-4794-A52C-90371F043927}.AppStore|iPhoneSimulator.Deploy.0 = Debug|Any CPU
		{4DACF82F-A8B0-4794-A52C-90371F043927}.Debug|Any CPU.ActiveCfg = Debug|Any CPU
		{4DACF82F-A8B0-4794-A52C-90371F043927}.Debug|Any CPU.Build.0 = Debug|Any CPU
		{4DACF82F-A8B0-4794-A52C-90371F043927}.Debug|Any CPU.Deploy.0 = Debug|Any CPU
		{4DACF82F-A8B0-4794-A52C-90371F043927}.Debug|iPhone.ActiveCfg = Debug|Any CPU
		{4DACF82F-A8B0-4794-A52C-90371F043927}.Debug|iPhone.Build.0 = Debug|Any CPU
		{4DACF82F-A8B0-4794-A52C-90371F043927}.Debug|iPhone.Deploy.0 = Debug|Any CPU
		{4DACF82F-A8B0-4794-A52C-90371F043927}.Debug|iPhoneSimulator.ActiveCfg = Debug|Any CPU
		{4DACF82F-A8B0-4794-A52C-90371F043927}.Debug|iPhoneSimulator.Build.0 = Debug|Any CPU
		{4DACF82F-A8B0-4794-A52C-90371F043927}.Debug|iPhoneSimulator.Deploy.0 = Debug|Any CPU
		{4DACF82F-A8B0-4794-A52C-90371F043927}.Release|Any CPU.ActiveCfg = Release|Any CPU
		{4DACF82F-A8B0-4794-A52C-90371F043927}.Release|Any CPU.Build.0 = Release|Any CPU
		{4DACF82F-A8B0-4794-A52C-90371F043927}.Release|Any CPU.Deploy.0 = Release|Any CPU
		{4DACF82F-A8B0-4794-A52C-90371F043927}.Release|iPhone.ActiveCfg = Release|Any CPU
		{4DACF82F-A8B0-4794-A52C-90371F043927}.Release|iPhone.Build.0 = Release|Any CPU
		{4DACF82F-A8B0-4794-A52C-90371F043927}.Release|iPhone.Deploy.0 = Release|Any CPU
		{4DACF82F-A8B0-4794-A52C-90371F043927}.Release|iPhoneSimulator.ActiveCfg = Release|Any CPU
		{4DACF82F-A8B0-4794-A52C-90371F043927}.Release|iPhoneSimulator.Build.0 = Release|Any CPU
		{4DACF82F-A8B0-4794-A52C-90371F043927}.Release|iPhoneSimulator.Deploy.0 = Release|Any CPU
		{27ECC412-138E-4CE4-B66F-A0C6BCD86A99}.Ad-Hoc|Any CPU.ActiveCfg = Debug|Any CPU
		{27ECC412-138E-4CE4-B66F-A0C6BCD86A99}.Ad-Hoc|Any CPU.Build.0 = Debug|Any CPU
		{27ECC412-138E-4CE4-B66F-A0C6BCD86A99}.Ad-Hoc|iPhone.ActiveCfg = Debug|Any CPU
		{27ECC412-138E-4CE4-B66F-A0C6BCD86A99}.Ad-Hoc|iPhone.Build.0 = Debug|Any CPU
		{27ECC412-138E-4CE4-B66F-A0C6BCD86A99}.Ad-Hoc|iPhoneSimulator.ActiveCfg = Debug|Any CPU
		{27ECC412-138E-4CE4-B66F-A0C6BCD86A99}.Ad-Hoc|iPhoneSimulator.Build.0 = Debug|Any CPU
		{27ECC412-138E-4CE4-B66F-A0C6BCD86A99}.AppStore|Any CPU.ActiveCfg = Debug|Any CPU
		{27ECC412-138E-4CE4-B66F-A0C6BCD86A99}.AppStore|Any CPU.Build.0 = Debug|Any CPU
		{27ECC412-138E-4CE4-B66F-A0C6BCD86A99}.AppStore|iPhone.ActiveCfg = Debug|Any CPU
		{27ECC412-138E-4CE4-B66F-A0C6BCD86A99}.AppStore|iPhone.Build.0 = Debug|Any CPU
		{27ECC412-138E-4CE4-B66F-A0C6BCD86A99}.AppStore|iPhoneSimulator.ActiveCfg = Debug|Any CPU
		{27ECC412-138E-4CE4-B66F-A0C6BCD86A99}.AppStore|iPhoneSimulator.Build.0 = Debug|Any CPU
		{27ECC412-138E-4CE4-B66F-A0C6BCD86A99}.Debug|Any CPU.ActiveCfg = Debug|Any CPU
		{27ECC412-138E-4CE4-B66F-A0C6BCD86A99}.Debug|Any CPU.Build.0 = Debug|Any CPU
		{27ECC412-138E-4CE4-B66F-A0C6BCD86A99}.Debug|iPhone.ActiveCfg = Debug|Any CPU
		{27ECC412-138E-4CE4-B66F-A0C6BCD86A99}.Debug|iPhone.Build.0 = Debug|Any CPU
		{27ECC412-138E-4CE4-B66F-A0C6BCD86A99}.Debug|iPhoneSimulator.ActiveCfg = Debug|Any CPU
		{27ECC412-138E-4CE4-B66F-A0C6BCD86A99}.Debug|iPhoneSimulator.Build.0 = Debug|Any CPU
		{27ECC412-138E-4CE4-B66F-A0C6BCD86A99}.Release|Any CPU.ActiveCfg = Release|Any CPU
		{27ECC412-138E-4CE4-B66F-A0C6BCD86A99}.Release|Any CPU.Build.0 = Release|Any CPU
		{27ECC412-138E-4CE4-B66F-A0C6BCD86A99}.Release|iPhone.ActiveCfg = Release|Any CPU
		{27ECC412-138E-4CE4-B66F-A0C6BCD86A99}.Release|iPhone.Build.0 = Release|Any CPU
		{27ECC412-138E-4CE4-B66F-A0C6BCD86A99}.Release|iPhoneSimulator.ActiveCfg = Release|Any CPU
		{27ECC412-138E-4CE4-B66F-A0C6BCD86A99}.Release|iPhoneSimulator.Build.0 = Release|Any CPU
		{D5735DA2-9A87-4D3B-8437-3659C494CBFD}.Ad-Hoc|Any CPU.ActiveCfg = Debug|Any CPU
		{D5735DA2-9A87-4D3B-8437-3659C494CBFD}.Ad-Hoc|Any CPU.Build.0 = Debug|Any CPU
		{D5735DA2-9A87-4D3B-8437-3659C494CBFD}.Ad-Hoc|iPhone.ActiveCfg = Debug|Any CPU
		{D5735DA2-9A87-4D3B-8437-3659C494CBFD}.Ad-Hoc|iPhone.Build.0 = Debug|Any CPU
		{D5735DA2-9A87-4D3B-8437-3659C494CBFD}.Ad-Hoc|iPhoneSimulator.ActiveCfg = Debug|Any CPU
		{D5735DA2-9A87-4D3B-8437-3659C494CBFD}.Ad-Hoc|iPhoneSimulator.Build.0 = Debug|Any CPU
		{D5735DA2-9A87-4D3B-8437-3659C494CBFD}.AppStore|Any CPU.ActiveCfg = Debug|Any CPU
		{D5735DA2-9A87-4D3B-8437-3659C494CBFD}.AppStore|Any CPU.Build.0 = Debug|Any CPU
		{D5735DA2-9A87-4D3B-8437-3659C494CBFD}.AppStore|iPhone.ActiveCfg = Debug|Any CPU
		{D5735DA2-9A87-4D3B-8437-3659C494CBFD}.AppStore|iPhone.Build.0 = Debug|Any CPU
		{D5735DA2-9A87-4D3B-8437-3659C494CBFD}.AppStore|iPhoneSimulator.ActiveCfg = Debug|Any CPU
		{D5735DA2-9A87-4D3B-8437-3659C494CBFD}.AppStore|iPhoneSimulator.Build.0 = Debug|Any CPU
		{D5735DA2-9A87-4D3B-8437-3659C494CBFD}.Debug|Any CPU.ActiveCfg = Debug|Any CPU
		{D5735DA2-9A87-4D3B-8437-3659C494CBFD}.Debug|Any CPU.Build.0 = Debug|Any CPU
		{D5735DA2-9A87-4D3B-8437-3659C494CBFD}.Debug|iPhone.ActiveCfg = Debug|Any CPU
		{D5735DA2-9A87-4D3B-8437-3659C494CBFD}.Debug|iPhone.Build.0 = Debug|Any CPU
		{D5735DA2-9A87-4D3B-8437-3659C494CBFD}.Debug|iPhoneSimulator.ActiveCfg = Debug|Any CPU
		{D5735DA2-9A87-4D3B-8437-3659C494CBFD}.Debug|iPhoneSimulator.Build.0 = Debug|Any CPU
		{D5735DA2-9A87-4D3B-8437-3659C494CBFD}.Release|Any CPU.ActiveCfg = Release|Any CPU
		{D5735DA2-9A87-4D3B-8437-3659C494CBFD}.Release|Any CPU.Build.0 = Release|Any CPU
		{D5735DA2-9A87-4D3B-8437-3659C494CBFD}.Release|iPhone.ActiveCfg = Release|Any CPU
		{D5735DA2-9A87-4D3B-8437-3659C494CBFD}.Release|iPhone.Build.0 = Release|Any CPU
		{D5735DA2-9A87-4D3B-8437-3659C494CBFD}.Release|iPhoneSimulator.ActiveCfg = Release|Any CPU
		{D5735DA2-9A87-4D3B-8437-3659C494CBFD}.Release|iPhoneSimulator.Build.0 = Release|Any CPU
		{69F6BD70-0136-4634-A0AD-DB492C36C9F2}.Ad-Hoc|Any CPU.ActiveCfg = Debug|Any CPU
		{69F6BD70-0136-4634-A0AD-DB492C36C9F2}.Ad-Hoc|Any CPU.Build.0 = Debug|Any CPU
		{69F6BD70-0136-4634-A0AD-DB492C36C9F2}.Ad-Hoc|iPhone.ActiveCfg = Debug|Any CPU
		{69F6BD70-0136-4634-A0AD-DB492C36C9F2}.Ad-Hoc|iPhone.Build.0 = Debug|Any CPU
		{69F6BD70-0136-4634-A0AD-DB492C36C9F2}.Ad-Hoc|iPhoneSimulator.ActiveCfg = Debug|Any CPU
		{69F6BD70-0136-4634-A0AD-DB492C36C9F2}.Ad-Hoc|iPhoneSimulator.Build.0 = Debug|Any CPU
		{69F6BD70-0136-4634-A0AD-DB492C36C9F2}.AppStore|Any CPU.ActiveCfg = Debug|Any CPU
		{69F6BD70-0136-4634-A0AD-DB492C36C9F2}.AppStore|Any CPU.Build.0 = Debug|Any CPU
		{69F6BD70-0136-4634-A0AD-DB492C36C9F2}.AppStore|iPhone.ActiveCfg = Debug|Any CPU
		{69F6BD70-0136-4634-A0AD-DB492C36C9F2}.AppStore|iPhone.Build.0 = Debug|Any CPU
		{69F6BD70-0136-4634-A0AD-DB492C36C9F2}.AppStore|iPhoneSimulator.ActiveCfg = Debug|Any CPU
		{69F6BD70-0136-4634-A0AD-DB492C36C9F2}.AppStore|iPhoneSimulator.Build.0 = Debug|Any CPU
		{69F6BD70-0136-4634-A0AD-DB492C36C9F2}.Debug|Any CPU.ActiveCfg = Debug|Any CPU
		{69F6BD70-0136-4634-A0AD-DB492C36C9F2}.Debug|Any CPU.Build.0 = Debug|Any CPU
		{69F6BD70-0136-4634-A0AD-DB492C36C9F2}.Debug|iPhone.ActiveCfg = Debug|Any CPU
		{69F6BD70-0136-4634-A0AD-DB492C36C9F2}.Debug|iPhone.Build.0 = Debug|Any CPU
		{69F6BD70-0136-4634-A0AD-DB492C36C9F2}.Debug|iPhoneSimulator.ActiveCfg = Debug|Any CPU
		{69F6BD70-0136-4634-A0AD-DB492C36C9F2}.Debug|iPhoneSimulator.Build.0 = Debug|Any CPU
		{69F6BD70-0136-4634-A0AD-DB492C36C9F2}.Release|Any CPU.ActiveCfg = Release|Any CPU
		{69F6BD70-0136-4634-A0AD-DB492C36C9F2}.Release|Any CPU.Build.0 = Release|Any CPU
		{69F6BD70-0136-4634-A0AD-DB492C36C9F2}.Release|iPhone.ActiveCfg = Release|Any CPU
		{69F6BD70-0136-4634-A0AD-DB492C36C9F2}.Release|iPhone.Build.0 = Release|Any CPU
		{69F6BD70-0136-4634-A0AD-DB492C36C9F2}.Release|iPhoneSimulator.ActiveCfg = Release|Any CPU
		{69F6BD70-0136-4634-A0AD-DB492C36C9F2}.Release|iPhoneSimulator.Build.0 = Release|Any CPU
		{4F94BFDD-2E19-4A94-9C11-DF3A15C99C94}.Ad-Hoc|Any CPU.ActiveCfg = Debug|Any CPU
		{4F94BFDD-2E19-4A94-9C11-DF3A15C99C94}.Ad-Hoc|Any CPU.Build.0 = Debug|Any CPU
		{4F94BFDD-2E19-4A94-9C11-DF3A15C99C94}.Ad-Hoc|iPhone.ActiveCfg = Debug|Any CPU
		{4F94BFDD-2E19-4A94-9C11-DF3A15C99C94}.Ad-Hoc|iPhone.Build.0 = Debug|Any CPU
		{4F94BFDD-2E19-4A94-9C11-DF3A15C99C94}.Ad-Hoc|iPhoneSimulator.ActiveCfg = Debug|Any CPU
		{4F94BFDD-2E19-4A94-9C11-DF3A15C99C94}.Ad-Hoc|iPhoneSimulator.Build.0 = Debug|Any CPU
		{4F94BFDD-2E19-4A94-9C11-DF3A15C99C94}.AppStore|Any CPU.ActiveCfg = Debug|Any CPU
		{4F94BFDD-2E19-4A94-9C11-DF3A15C99C94}.AppStore|Any CPU.Build.0 = Debug|Any CPU
		{4F94BFDD-2E19-4A94-9C11-DF3A15C99C94}.AppStore|iPhone.ActiveCfg = Debug|Any CPU
		{4F94BFDD-2E19-4A94-9C11-DF3A15C99C94}.AppStore|iPhone.Build.0 = Debug|Any CPU
		{4F94BFDD-2E19-4A94-9C11-DF3A15C99C94}.AppStore|iPhoneSimulator.ActiveCfg = Debug|Any CPU
		{4F94BFDD-2E19-4A94-9C11-DF3A15C99C94}.AppStore|iPhoneSimulator.Build.0 = Debug|Any CPU
		{4F94BFDD-2E19-4A94-9C11-DF3A15C99C94}.Debug|Any CPU.ActiveCfg = Debug|Any CPU
		{4F94BFDD-2E19-4A94-9C11-DF3A15C99C94}.Debug|Any CPU.Build.0 = Debug|Any CPU
		{4F94BFDD-2E19-4A94-9C11-DF3A15C99C94}.Debug|iPhone.ActiveCfg = Debug|Any CPU
		{4F94BFDD-2E19-4A94-9C11-DF3A15C99C94}.Debug|iPhone.Build.0 = Debug|Any CPU
		{4F94BFDD-2E19-4A94-9C11-DF3A15C99C94}.Debug|iPhoneSimulator.ActiveCfg = Debug|Any CPU
		{4F94BFDD-2E19-4A94-9C11-DF3A15C99C94}.Debug|iPhoneSimulator.Build.0 = Debug|Any CPU
		{4F94BFDD-2E19-4A94-9C11-DF3A15C99C94}.Release|Any CPU.ActiveCfg = Release|Any CPU
		{4F94BFDD-2E19-4A94-9C11-DF3A15C99C94}.Release|Any CPU.Build.0 = Release|Any CPU
		{4F94BFDD-2E19-4A94-9C11-DF3A15C99C94}.Release|iPhone.ActiveCfg = Release|Any CPU
		{4F94BFDD-2E19-4A94-9C11-DF3A15C99C94}.Release|iPhone.Build.0 = Release|Any CPU
		{4F94BFDD-2E19-4A94-9C11-DF3A15C99C94}.Release|iPhoneSimulator.ActiveCfg = Release|Any CPU
		{4F94BFDD-2E19-4A94-9C11-DF3A15C99C94}.Release|iPhoneSimulator.Build.0 = Release|Any CPU
		{D7F14171-AFD3-4581-866A-10B36767D9E3}.Ad-Hoc|Any CPU.ActiveCfg = Debug|Any CPU
		{D7F14171-AFD3-4581-866A-10B36767D9E3}.Ad-Hoc|Any CPU.Build.0 = Debug|Any CPU
		{D7F14171-AFD3-4581-866A-10B36767D9E3}.Ad-Hoc|iPhone.ActiveCfg = Debug|Any CPU
		{D7F14171-AFD3-4581-866A-10B36767D9E3}.Ad-Hoc|iPhone.Build.0 = Debug|Any CPU
		{D7F14171-AFD3-4581-866A-10B36767D9E3}.Ad-Hoc|iPhoneSimulator.ActiveCfg = Debug|Any CPU
		{D7F14171-AFD3-4581-866A-10B36767D9E3}.Ad-Hoc|iPhoneSimulator.Build.0 = Debug|Any CPU
		{D7F14171-AFD3-4581-866A-10B36767D9E3}.AppStore|Any CPU.ActiveCfg = Debug|Any CPU
		{D7F14171-AFD3-4581-866A-10B36767D9E3}.AppStore|Any CPU.Build.0 = Debug|Any CPU
		{D7F14171-AFD3-4581-866A-10B36767D9E3}.AppStore|iPhone.ActiveCfg = Debug|Any CPU
		{D7F14171-AFD3-4581-866A-10B36767D9E3}.AppStore|iPhone.Build.0 = Debug|Any CPU
		{D7F14171-AFD3-4581-866A-10B36767D9E3}.AppStore|iPhoneSimulator.ActiveCfg = Debug|Any CPU
		{D7F14171-AFD3-4581-866A-10B36767D9E3}.AppStore|iPhoneSimulator.Build.0 = Debug|Any CPU
		{D7F14171-AFD3-4581-866A-10B36767D9E3}.Debug|Any CPU.ActiveCfg = Debug|Any CPU
		{D7F14171-AFD3-4581-866A-10B36767D9E3}.Debug|Any CPU.Build.0 = Debug|Any CPU
		{D7F14171-AFD3-4581-866A-10B36767D9E3}.Debug|iPhone.ActiveCfg = Debug|Any CPU
		{D7F14171-AFD3-4581-866A-10B36767D9E3}.Debug|iPhone.Build.0 = Debug|Any CPU
		{D7F14171-AFD3-4581-866A-10B36767D9E3}.Debug|iPhoneSimulator.ActiveCfg = Debug|Any CPU
		{D7F14171-AFD3-4581-866A-10B36767D9E3}.Debug|iPhoneSimulator.Build.0 = Debug|Any CPU
		{D7F14171-AFD3-4581-866A-10B36767D9E3}.Release|Any CPU.ActiveCfg = Release|Any CPU
		{D7F14171-AFD3-4581-866A-10B36767D9E3}.Release|Any CPU.Build.0 = Release|Any CPU
		{D7F14171-AFD3-4581-866A-10B36767D9E3}.Release|iPhone.ActiveCfg = Release|Any CPU
		{D7F14171-AFD3-4581-866A-10B36767D9E3}.Release|iPhone.Build.0 = Release|Any CPU
		{D7F14171-AFD3-4581-866A-10B36767D9E3}.Release|iPhoneSimulator.ActiveCfg = Release|Any CPU
		{D7F14171-AFD3-4581-866A-10B36767D9E3}.Release|iPhoneSimulator.Build.0 = Release|Any CPU
		{332C0B3F-1BD8-4F7D-9958-DADC79291FC5}.Ad-Hoc|Any CPU.ActiveCfg = Debug|Any CPU
		{332C0B3F-1BD8-4F7D-9958-DADC79291FC5}.Ad-Hoc|Any CPU.Build.0 = Debug|Any CPU
		{332C0B3F-1BD8-4F7D-9958-DADC79291FC5}.Ad-Hoc|iPhone.ActiveCfg = Debug|Any CPU
		{332C0B3F-1BD8-4F7D-9958-DADC79291FC5}.Ad-Hoc|iPhone.Build.0 = Debug|Any CPU
		{332C0B3F-1BD8-4F7D-9958-DADC79291FC5}.Ad-Hoc|iPhoneSimulator.ActiveCfg = Debug|Any CPU
		{332C0B3F-1BD8-4F7D-9958-DADC79291FC5}.Ad-Hoc|iPhoneSimulator.Build.0 = Debug|Any CPU
		{332C0B3F-1BD8-4F7D-9958-DADC79291FC5}.AppStore|Any CPU.ActiveCfg = Debug|Any CPU
		{332C0B3F-1BD8-4F7D-9958-DADC79291FC5}.AppStore|Any CPU.Build.0 = Debug|Any CPU
		{332C0B3F-1BD8-4F7D-9958-DADC79291FC5}.AppStore|iPhone.ActiveCfg = Debug|Any CPU
		{332C0B3F-1BD8-4F7D-9958-DADC79291FC5}.AppStore|iPhone.Build.0 = Debug|Any CPU
		{332C0B3F-1BD8-4F7D-9958-DADC79291FC5}.AppStore|iPhoneSimulator.ActiveCfg = Debug|Any CPU
		{332C0B3F-1BD8-4F7D-9958-DADC79291FC5}.AppStore|iPhoneSimulator.Build.0 = Debug|Any CPU
		{332C0B3F-1BD8-4F7D-9958-DADC79291FC5}.Debug|Any CPU.ActiveCfg = Debug|Any CPU
		{332C0B3F-1BD8-4F7D-9958-DADC79291FC5}.Debug|Any CPU.Build.0 = Debug|Any CPU
		{332C0B3F-1BD8-4F7D-9958-DADC79291FC5}.Debug|iPhone.ActiveCfg = Debug|Any CPU
		{332C0B3F-1BD8-4F7D-9958-DADC79291FC5}.Debug|iPhone.Build.0 = Debug|Any CPU
		{332C0B3F-1BD8-4F7D-9958-DADC79291FC5}.Debug|iPhoneSimulator.ActiveCfg = Debug|Any CPU
		{332C0B3F-1BD8-4F7D-9958-DADC79291FC5}.Debug|iPhoneSimulator.Build.0 = Debug|Any CPU
		{332C0B3F-1BD8-4F7D-9958-DADC79291FC5}.Release|Any CPU.ActiveCfg = Release|Any CPU
		{332C0B3F-1BD8-4F7D-9958-DADC79291FC5}.Release|Any CPU.Build.0 = Release|Any CPU
		{332C0B3F-1BD8-4F7D-9958-DADC79291FC5}.Release|iPhone.ActiveCfg = Release|Any CPU
		{332C0B3F-1BD8-4F7D-9958-DADC79291FC5}.Release|iPhone.Build.0 = Release|Any CPU
		{332C0B3F-1BD8-4F7D-9958-DADC79291FC5}.Release|iPhoneSimulator.ActiveCfg = Release|Any CPU
		{332C0B3F-1BD8-4F7D-9958-DADC79291FC5}.Release|iPhoneSimulator.Build.0 = Release|Any CPU
		{3ACB34E6-EC5C-41DE-9E41-3D4972B9BBF4}.Ad-Hoc|Any CPU.ActiveCfg = Debug|Any CPU
		{3ACB34E6-EC5C-41DE-9E41-3D4972B9BBF4}.Ad-Hoc|Any CPU.Build.0 = Debug|Any CPU
		{3ACB34E6-EC5C-41DE-9E41-3D4972B9BBF4}.Ad-Hoc|iPhone.ActiveCfg = Debug|Any CPU
		{3ACB34E6-EC5C-41DE-9E41-3D4972B9BBF4}.Ad-Hoc|iPhone.Build.0 = Debug|Any CPU
		{3ACB34E6-EC5C-41DE-9E41-3D4972B9BBF4}.Ad-Hoc|iPhoneSimulator.ActiveCfg = Debug|Any CPU
		{3ACB34E6-EC5C-41DE-9E41-3D4972B9BBF4}.Ad-Hoc|iPhoneSimulator.Build.0 = Debug|Any CPU
		{3ACB34E6-EC5C-41DE-9E41-3D4972B9BBF4}.AppStore|Any CPU.ActiveCfg = Debug|Any CPU
		{3ACB34E6-EC5C-41DE-9E41-3D4972B9BBF4}.AppStore|Any CPU.Build.0 = Debug|Any CPU
		{3ACB34E6-EC5C-41DE-9E41-3D4972B9BBF4}.AppStore|iPhone.ActiveCfg = Debug|Any CPU
		{3ACB34E6-EC5C-41DE-9E41-3D4972B9BBF4}.AppStore|iPhone.Build.0 = Debug|Any CPU
		{3ACB34E6-EC5C-41DE-9E41-3D4972B9BBF4}.AppStore|iPhoneSimulator.ActiveCfg = Debug|Any CPU
		{3ACB34E6-EC5C-41DE-9E41-3D4972B9BBF4}.AppStore|iPhoneSimulator.Build.0 = Debug|Any CPU
		{3ACB34E6-EC5C-41DE-9E41-3D4972B9BBF4}.Debug|Any CPU.ActiveCfg = Debug|Any CPU
		{3ACB34E6-EC5C-41DE-9E41-3D4972B9BBF4}.Debug|Any CPU.Build.0 = Debug|Any CPU
		{3ACB34E6-EC5C-41DE-9E41-3D4972B9BBF4}.Debug|iPhone.ActiveCfg = Debug|Any CPU
		{3ACB34E6-EC5C-41DE-9E41-3D4972B9BBF4}.Debug|iPhone.Build.0 = Debug|Any CPU
		{3ACB34E6-EC5C-41DE-9E41-3D4972B9BBF4}.Debug|iPhoneSimulator.ActiveCfg = Debug|Any CPU
		{3ACB34E6-EC5C-41DE-9E41-3D4972B9BBF4}.Debug|iPhoneSimulator.Build.0 = Debug|Any CPU
		{3ACB34E6-EC5C-41DE-9E41-3D4972B9BBF4}.Release|Any CPU.ActiveCfg = Release|Any CPU
		{3ACB34E6-EC5C-41DE-9E41-3D4972B9BBF4}.Release|Any CPU.Build.0 = Release|Any CPU
		{3ACB34E6-EC5C-41DE-9E41-3D4972B9BBF4}.Release|iPhone.ActiveCfg = Release|Any CPU
		{3ACB34E6-EC5C-41DE-9E41-3D4972B9BBF4}.Release|iPhone.Build.0 = Release|Any CPU
		{3ACB34E6-EC5C-41DE-9E41-3D4972B9BBF4}.Release|iPhoneSimulator.ActiveCfg = Release|Any CPU
		{3ACB34E6-EC5C-41DE-9E41-3D4972B9BBF4}.Release|iPhoneSimulator.Build.0 = Release|Any CPU
	EndGlobalSection
	GlobalSection(SolutionProperties) = preSolution
		HideSolutionNode = FALSE
	EndGlobalSection
	GlobalSection(NestedProjects) = preSolution
		{876E70CE-B42A-48D8-A8B6-54E1B8A81AC2} = {EEF18FBA-BD83-41DD-B499-1A161C81BFFA}
		{477D69E0-530F-4765-9F22-689B05CDA5A2} = {EEF18FBA-BD83-41DD-B499-1A161C81BFFA}
		{4DACF82F-A8B0-4794-A52C-90371F043927} = {2A9A48C5-A69F-42CA-800F-BEAB6FFBBCF1}
		{27ECC412-138E-4CE4-B66F-A0C6BCD86A99} = {D225BF81-51C6-46B5-B140-AC761B9D89E2}
		{D5735DA2-9A87-4D3B-8437-3659C494CBFD} = {2A9A48C5-A69F-42CA-800F-BEAB6FFBBCF1}
		{69F6BD70-0136-4634-A0AD-DB492C36C9F2} = {2A9A48C5-A69F-42CA-800F-BEAB6FFBBCF1}
		{4F94BFDD-2E19-4A94-9C11-DF3A15C99C94} = {2A9A48C5-A69F-42CA-800F-BEAB6FFBBCF1}
		{D7F14171-AFD3-4581-866A-10B36767D9E3} = {D225BF81-51C6-46B5-B140-AC761B9D89E2}
		{332C0B3F-1BD8-4F7D-9958-DADC79291FC5} = {D225BF81-51C6-46B5-B140-AC761B9D89E2}
		{3ACB34E6-EC5C-41DE-9E41-3D4972B9BBF4} = {D225BF81-51C6-46B5-B140-AC761B9D89E2}
	EndGlobalSection
	GlobalSection(ExtensibilityGlobals) = postSolution
		SolutionGuid = {F2768243-3D35-45BA-B5C7-07004CA1F651}
	EndGlobalSection
EndGlobal
