
Microsoft Visual Studio Solution File, Format Version 12.00
# Visual Studio 15
VisualStudioVersion = 15.0.28307.438
MinimumVisualStudioVersion = 10.0.40219.1
Project("{FAE04EC0-301F-11D3-BF4B-00C04F79EFBC}") = "ProjectSpartan.Android", "ProjectSpartan\ProjectSpartan.Android\ProjectSpartan.Android.csproj", "{876E70CE-B42A-48D8-A8B6-54E1B8A81AC2}"
EndProject
Project("{FAE04EC0-301F-11D3-BF4B-00C04F79EFBC}") = "ProjectSpartan.iOS", "ProjectSpartan\ProjectSpartan.iOS\ProjectSpartan.iOS.csproj", "{477D69E0-530F-4765-9F22-689B05CDA5A2}"
EndProject
Project("{9A19103F-16F7-4668-BE54-9A1E7A4F7556}") = "ProjectSpartan.UI", "ProjectSpartan\ProjectSpartan\ProjectSpartan.UI.csproj", "{4DACF82F-A8B0-4794-A52C-90371F043927}"
EndProject
Project("{2150E333-8FDC-42A3-9474-1A3956D46DE8}") = "CrossPlatform", "CrossPlatform", "{2A9A48C5-A69F-42CA-800F-BEAB6FFBBCF1}"
EndProject
Project("{2150E333-8FDC-42A3-9474-1A3956D46DE8}") = "Platforms", "Platforms", "{EEF18FBA-BD83-41DD-B499-1A161C81BFFA}"
EndProject
Project("{2150E333-8FDC-42A3-9474-1A3956D46DE8}") = "Tests", "Tests", "{D225BF81-51C6-46B5-B140-AC761B9D89E2}"
EndProject
Project("{9A19103F-16F7-4668-BE54-9A1E7A4F7556}") = "ProjectSpartan.UI.Tests", "ProjectSpartan.Tests\ProjectSpartan.UI.Tests.csproj", "{27ECC412-138E-4CE4-B66F-A0C6BCD86A99}"
EndProject
Project("{9A19103F-16F7-4668-BE54-9A1E7A4F7556}") = "ProjectSpartan.Business", "ProjectSpartan.Business\ProjectSpartan.Business.csproj", "{69F6BD70-0136-4634-A0AD-DB492C36C9F2}"
EndProject
Project("{9A19103F-16F7-4668-BE54-9A1E7A4F7556}") = "ProjectSpartan.Entity", "ProjectSpartan.Entity\ProjectSpartan.Entity.csproj", "{577F824A-BB5F-45D5-8545-EB745BE70EE4}"
EndProject
Project("{9A19103F-16F7-4668-BE54-9A1E7A4F7556}") = "ProjectSpartan.LocalStorage.Tests", "ProjectSpartan.LocalStorage.Tests\ProjectSpartan.LocalStorage.Tests.csproj", "{372D7334-3912-43EB-BBBD-25C85E14B393}"
EndProject
Project("{9A19103F-16F7-4668-BE54-9A1E7A4F7556}") = "ProjectSpartan.Helpers", "ProjectSpartan.Helpers\ProjectSpartan.Helpers.csproj", "{4DB250F2-2603-4952-A522-3488932AAB4F}"
EndProject
Project("{9A19103F-16F7-4668-BE54-9A1E7A4F7556}") = "ProjectSpartan.Helpers.Tests", "ProjectSpartan.Helpers.Tests\ProjectSpartan.Helpers.Tests.csproj", "{8A291824-A515-4CCD-838C-019E7CAAA52F}"
EndProject
Project("{9A19103F-16F7-4668-BE54-9A1E7A4F7556}") = "ProjectSpartan.Business.Tests", "ProjectSpartan.Business.Tests\ProjectSpartan.Business.Tests.csproj", "{6F2FF985-C12A-4A45-88AE-E37CF56ED098}"
EndProject
Project("{9A19103F-16F7-4668-BE54-9A1E7A4F7556}") = "ProjectSpartan.API.Tests", "ProjectSpartan.API.Tests\ProjectSpartan.API.Tests.csproj", "{3FBC0F2D-8CF0-4ECA-9C01-626A0A1D0E62}"
EndProject
Project("{9A19103F-16F7-4668-BE54-9A1E7A4F7556}") = "ProjectSpartan.API", "ProjectSpartan.API\ProjectSpartan.API.csproj", "{BCAEF150-7E9D-48A3-AFAA-0C7235FDA03A}"
EndProject
Project("{9A19103F-16F7-4668-BE54-9A1E7A4F7556}") = "ProjectSpartan.LocalStorage", "ProjectSpartan.LocalStorage\ProjectSpartan.LocalStorage.csproj", "{64031A5F-8FD7-467D-BB2D-EB15215F90AD}"
EndProject
Project("{9A19103F-16F7-4668-BE54-9A1E7A4F7556}") = "ProjectSpartan.Entity.Tests", "ProjectSpartan.Entity.Tests\ProjectSpartan.Entity.Tests.csproj", "{720DA48D-4457-4EED-99E8-7A63671E3AB9}"
EndProject
Global
	GlobalSection(SolutionConfigurationPlatforms) = preSolution
		Ad-Hoc|Any CPU = Ad-Hoc|Any CPU
		Ad-Hoc|iPhone = Ad-Hoc|iPhone
		Ad-Hoc|iPhoneSimulator = Ad-Hoc|iPhoneSimulator
		AppStore|Any CPU = AppStore|Any CPU
		AppStore|iPhone = AppStore|iPhone
		AppStore|iPhoneSimulator = AppStore|iPhoneSimulator
		Debug|Any CPU = Debug|Any CPU
		Debug|iPhone = Debug|iPhone
		Debug|iPhoneSimulator = Debug|iPhoneSimulator
		Release|Any CPU = Release|Any CPU
		Release|iPhone = Release|iPhone
		Release|iPhoneSimulator = Release|iPhoneSimulator
	EndGlobalSection
	GlobalSection(ProjectConfigurationPlatforms) = postSolution
		{876E70CE-B42A-48D8-A8B6-54E1B8A81AC2}.Ad-Hoc|Any CPU.ActiveCfg = Release|Any CPU
		{876E70CE-B42A-48D8-A8B6-54E1B8A81AC2}.Ad-Hoc|Any CPU.Build.0 = Release|Any CPU
		{876E70CE-B42A-48D8-A8B6-54E1B8A81AC2}.Ad-Hoc|Any CPU.Deploy.0 = Release|Any CPU
		{876E70CE-B42A-48D8-A8B6-54E1B8A81AC2}.Ad-Hoc|iPhone.ActiveCfg = Release|Any CPU
		{876E70CE-B42A-48D8-A8B6-54E1B8A81AC2}.Ad-Hoc|iPhone.Build.0 = Release|Any CPU
		{876E70CE-B42A-48D8-A8B6-54E1B8A81AC2}.Ad-Hoc|iPhone.Deploy.0 = Release|Any CPU
		{876E70CE-B42A-48D8-A8B6-54E1B8A81AC2}.Ad-Hoc|iPhoneSimulator.ActiveCfg = Release|Any CPU
		{876E70CE-B42A-48D8-A8B6-54E1B8A81AC2}.Ad-Hoc|iPhoneSimulator.Build.0 = Release|Any CPU
		{876E70CE-B42A-48D8-A8B6-54E1B8A81AC2}.Ad-Hoc|iPhoneSimulator.Deploy.0 = Release|Any CPU
		{876E70CE-B42A-48D8-A8B6-54E1B8A81AC2}.AppStore|Any CPU.ActiveCfg = Release|Any CPU
		{876E70CE-B42A-48D8-A8B6-54E1B8A81AC2}.AppStore|Any CPU.Build.0 = Release|Any CPU
		{876E70CE-B42A-48D8-A8B6-54E1B8A81AC2}.AppStore|Any CPU.Deploy.0 = Release|Any CPU
		{876E70CE-B42A-48D8-A8B6-54E1B8A81AC2}.AppStore|iPhone.ActiveCfg = Release|Any CPU
		{876E70CE-B42A-48D8-A8B6-54E1B8A81AC2}.AppStore|iPhone.Build.0 = Release|Any CPU
		{876E70CE-B42A-48D8-A8B6-54E1B8A81AC2}.AppStore|iPhone.Deploy.0 = Release|Any CPU
		{876E70CE-B42A-48D8-A8B6-54E1B8A81AC2}.AppStore|iPhoneSimulator.ActiveCfg = Release|Any CPU
		{876E70CE-B42A-48D8-A8B6-54E1B8A81AC2}.AppStore|iPhoneSimulator.Build.0 = Release|Any CPU
		{876E70CE-B42A-48D8-A8B6-54E1B8A81AC2}.AppStore|iPhoneSimulator.Deploy.0 = Release|Any CPU
		{876E70CE-B42A-48D8-A8B6-54E1B8A81AC2}.Debug|Any CPU.ActiveCfg = Debug|Any CPU
		{876E70CE-B42A-48D8-A8B6-54E1B8A81AC2}.Debug|Any CPU.Build.0 = Debug|Any CPU
		{876E70CE-B42A-48D8-A8B6-54E1B8A81AC2}.Debug|Any CPU.Deploy.0 = Debug|Any CPU
		{876E70CE-B42A-48D8-A8B6-54E1B8A81AC2}.Debug|iPhone.ActiveCfg = Debug|Any CPU
		{876E70CE-B42A-48D8-A8B6-54E1B8A81AC2}.Debug|iPhone.Build.0 = Debug|Any CPU
		{876E70CE-B42A-48D8-A8B6-54E1B8A81AC2}.Debug|iPhone.Deploy.0 = Debug|Any CPU
		{876E70CE-B42A-48D8-A8B6-54E1B8A81AC2}.Debug|iPhoneSimulator.ActiveCfg = Debug|Any CPU
		{876E70CE-B42A-48D8-A8B6-54E1B8A81AC2}.Debug|iPhoneSimulator.Build.0 = Debug|Any CPU
		{876E70CE-B42A-48D8-A8B6-54E1B8A81AC2}.Debug|iPhoneSimulator.Deploy.0 = Debug|Any CPU
		{876E70CE-B42A-48D8-A8B6-54E1B8A81AC2}.Release|Any CPU.ActiveCfg = Release|Any CPU
		{876E70CE-B42A-48D8-A8B6-54E1B8A81AC2}.Release|Any CPU.Build.0 = Release|Any CPU
		{876E70CE-B42A-48D8-A8B6-54E1B8A81AC2}.Release|Any CPU.Deploy.0 = Release|Any CPU
		{876E70CE-B42A-48D8-A8B6-54E1B8A81AC2}.Release|iPhone.ActiveCfg = Release|Any CPU
		{876E70CE-B42A-48D8-A8B6-54E1B8A81AC2}.Release|iPhone.Build.0 = Release|Any CPU
		{876E70CE-B42A-48D8-A8B6-54E1B8A81AC2}.Release|iPhone.Deploy.0 = Release|Any CPU
		{876E70CE-B42A-48D8-A8B6-54E1B8A81AC2}.Release|iPhoneSimulator.ActiveCfg = Release|Any CPU
		{876E70CE-B42A-48D8-A8B6-54E1B8A81AC2}.Release|iPhoneSimulator.Build.0 = Release|Any CPU
		{876E70CE-B42A-48D8-A8B6-54E1B8A81AC2}.Release|iPhoneSimulator.Deploy.0 = Release|Any CPU
		{477D69E0-530F-4765-9F22-689B05CDA5A2}.Ad-Hoc|Any CPU.ActiveCfg = Ad-Hoc|iPhone
		{477D69E0-530F-4765-9F22-689B05CDA5A2}.Ad-Hoc|Any CPU.Build.0 = Ad-Hoc|iPhone
		{477D69E0-530F-4765-9F22-689B05CDA5A2}.Ad-Hoc|Any CPU.Deploy.0 = Ad-Hoc|iPhone
		{477D69E0-530F-4765-9F22-689B05CDA5A2}.Ad-Hoc|iPhone.ActiveCfg = Ad-Hoc|iPhone
		{477D69E0-530F-4765-9F22-689B05CDA5A2}.Ad-Hoc|iPhone.Build.0 = Ad-Hoc|iPhone
		{477D69E0-530F-4765-9F22-689B05CDA5A2}.Ad-Hoc|iPhone.Deploy.0 = Ad-Hoc|iPhone
		{477D69E0-530F-4765-9F22-689B05CDA5A2}.Ad-Hoc|iPhoneSimulator.ActiveCfg = Ad-Hoc|iPhoneSimulator
		{477D69E0-530F-4765-9F22-689B05CDA5A2}.Ad-Hoc|iPhoneSimulator.Build.0 = Ad-Hoc|iPhoneSimulator
		{477D69E0-530F-4765-9F22-689B05CDA5A2}.Ad-Hoc|iPhoneSimulator.Deploy.0 = Ad-Hoc|iPhoneSimulator
		{477D69E0-530F-4765-9F22-689B05CDA5A2}.AppStore|Any CPU.ActiveCfg = AppStore|iPhone
		{477D69E0-530F-4765-9F22-689B05CDA5A2}.AppStore|Any CPU.Build.0 = AppStore|iPhone
		{477D69E0-530F-4765-9F22-689B05CDA5A2}.AppStore|Any CPU.Deploy.0 = AppStore|iPhone
		{477D69E0-530F-4765-9F22-689B05CDA5A2}.AppStore|iPhone.ActiveCfg = AppStore|iPhone
		{477D69E0-530F-4765-9F22-689B05CDA5A2}.AppStore|iPhone.Build.0 = AppStore|iPhone
		{477D69E0-530F-4765-9F22-689B05CDA5A2}.AppStore|iPhone.Deploy.0 = AppStore|iPhone
		{477D69E0-530F-4765-9F22-689B05CDA5A2}.AppStore|iPhoneSimulator.ActiveCfg = AppStore|iPhoneSimulator
		{477D69E0-530F-4765-9F22-689B05CDA5A2}.AppStore|iPhoneSimulator.Build.0 = AppStore|iPhoneSimulator
		{477D69E0-530F-4765-9F22-689B05CDA5A2}.AppStore|iPhoneSimulator.Deploy.0 = AppStore|iPhoneSimulator
		{477D69E0-530F-4765-9F22-689B05CDA5A2}.Debug|Any CPU.ActiveCfg = Debug|iPhoneSimulator
		{477D69E0-530F-4765-9F22-689B05CDA5A2}.Debug|Any CPU.Build.0 = Debug|iPhoneSimulator
		{477D69E0-530F-4765-9F22-689B05CDA5A2}.Debug|Any CPU.Deploy.0 = Debug|iPhoneSimulator
		{477D69E0-530F-4765-9F22-689B05CDA5A2}.Debug|iPhone.ActiveCfg = Debug|iPhone
		{477D69E0-530F-4765-9F22-689B05CDA5A2}.Debug|iPhone.Build.0 = Debug|iPhone
		{477D69E0-530F-4765-9F22-689B05CDA5A2}.Debug|iPhone.Deploy.0 = Debug|iPhone
		{477D69E0-530F-4765-9F22-689B05CDA5A2}.Debug|iPhoneSimulator.ActiveCfg = Debug|iPhoneSimulator
		{477D69E0-530F-4765-9F22-689B05CDA5A2}.Debug|iPhoneSimulator.Build.0 = Debug|iPhoneSimulator
		{477D69E0-530F-4765-9F22-689B05CDA5A2}.Debug|iPhoneSimulator.Deploy.0 = Debug|iPhoneSimulator
		{477D69E0-530F-4765-9F22-689B05CDA5A2}.Release|Any CPU.ActiveCfg = Release|iPhone
		{477D69E0-530F-4765-9F22-689B05CDA5A2}.Release|Any CPU.Build.0 = Release|iPhone
		{477D69E0-530F-4765-9F22-689B05CDA5A2}.Release|Any CPU.Deploy.0 = Release|iPhone
		{477D69E0-530F-4765-9F22-689B05CDA5A2}.Release|iPhone.ActiveCfg = Release|iPhone
		{477D69E0-530F-4765-9F22-689B05CDA5A2}.Release|iPhone.Build.0 = Release|iPhone
		{477D69E0-530F-4765-9F22-689B05CDA5A2}.Release|iPhone.Deploy.0 = Release|iPhone
		{477D69E0-530F-4765-9F22-689B05CDA5A2}.Release|iPhoneSimulator.ActiveCfg = Release|iPhoneSimulator
		{477D69E0-530F-4765-9F22-689B05CDA5A2}.Release|iPhoneSimulator.Build.0 = Release|iPhoneSimulator
		{477D69E0-530F-4765-9F22-689B05CDA5A2}.Release|iPhoneSimulator.Deploy.0 = Release|iPhoneSimulator
		{4DACF82F-A8B0-4794-A52C-90371F043927}.Ad-Hoc|Any CPU.ActiveCfg = Debug|Any CPU
		{4DACF82F-A8B0-4794-A52C-90371F043927}.Ad-Hoc|Any CPU.Build.0 = Debug|Any CPU
		{4DACF82F-A8B0-4794-A52C-90371F043927}.Ad-Hoc|Any CPU.Deploy.0 = Debug|Any CPU
		{4DACF82F-A8B0-4794-A52C-90371F043927}.Ad-Hoc|iPhone.ActiveCfg = Debug|Any CPU
		{4DACF82F-A8B0-4794-A52C-90371F043927}.Ad-Hoc|iPhone.Build.0 = Debug|Any CPU
		{4DACF82F-A8B0-4794-A52C-90371F043927}.Ad-Hoc|iPhone.Deploy.0 = Debug|Any CPU
		{4DACF82F-A8B0-4794-A52C-90371F043927}.Ad-Hoc|iPhoneSimulator.ActiveCfg = Debug|Any CPU
		{4DACF82F-A8B0-4794-A52C-90371F043927}.Ad-Hoc|iPhoneSimulator.Build.0 = Debug|Any CPU
		{4DACF82F-A8B0-4794-A52C-90371F043927}.Ad-Hoc|iPhoneSimulator.Deploy.0 = Debug|Any CPU
		{4DACF82F-A8B0-4794-A52C-90371F043927}.AppStore|Any CPU.ActiveCfg = Debug|Any CPU
		{4DACF82F-A8B0-4794-A52C-90371F043927}.AppStore|Any CPU.Build.0 = Debug|Any CPU
		{4DACF82F-A8B0-4794-A52C-90371F043927}.AppStore|Any CPU.Deploy.0 = Debug|Any CPU
		{4DACF82F-A8B0-4794-A52C-90371F043927}.AppStore|iPhone.ActiveCfg = Debug|Any CPU
		{4DACF82F-A8B0-4794-A52C-90371F043927}.AppStore|iPhone.Build.0 = Debug|Any CPU
		{4DACF82F-A8B0-4794-A52C-90371F043927}.AppStore|iPhone.Deploy.0 = Debug|Any CPU
		{4DACF82F-A8B0-4794-A52C-90371F043927}.AppStore|iPhoneSimulator.ActiveCfg = Debug|Any CPU
		{4DACF82F-A8B0-4794-A52C-90371F043927}.AppStore|iPhoneSimulator.Build.0 = Debug|Any CPU
		{4DACF82F-A8B0-4794-A52C-90371F043927}.AppStore|iPhoneSimulator.Deploy.0 = Debug|Any CPU
		{4DACF82F-A8B0-4794-A52C-90371F043927}.Debug|Any CPU.ActiveCfg = Debug|Any CPU
		{4DACF82F-A8B0-4794-A52C-90371F043927}.Debug|Any CPU.Build.0 = Debug|Any CPU
		{4DACF82F-A8B0-4794-A52C-90371F043927}.Debug|Any CPU.Deploy.0 = Debug|Any CPU
		{4DACF82F-A8B0-4794-A52C-90371F043927}.Debug|iPhone.ActiveCfg = Debug|Any CPU
		{4DACF82F-A8B0-4794-A52C-90371F043927}.Debug|iPhone.Build.0 = Debug|Any CPU
		{4DACF82F-A8B0-4794-A52C-90371F043927}.Debug|iPhone.Deploy.0 = Debug|Any CPU
		{4DACF82F-A8B0-4794-A52C-90371F043927}.Debug|iPhoneSimulator.ActiveCfg = Debug|Any CPU
		{4DACF82F-A8B0-4794-A52C-90371F043927}.Debug|iPhoneSimulator.Build.0 = Debug|Any CPU
		{4DACF82F-A8B0-4794-A52C-90371F043927}.Debug|iPhoneSimulator.Deploy.0 = Debug|Any CPU
		{4DACF82F-A8B0-4794-A52C-90371F043927}.Release|Any CPU.ActiveCfg = Release|Any CPU
		{4DACF82F-A8B0-4794-A52C-90371F043927}.Release|Any CPU.Build.0 = Release|Any CPU
		{4DACF82F-A8B0-4794-A52C-90371F043927}.Release|Any CPU.Deploy.0 = Release|Any CPU
		{4DACF82F-A8B0-4794-A52C-90371F043927}.Release|iPhone.ActiveCfg = Release|Any CPU
		{4DACF82F-A8B0-4794-A52C-90371F043927}.Release|iPhone.Build.0 = Release|Any CPU
		{4DACF82F-A8B0-4794-A52C-90371F043927}.Release|iPhone.Deploy.0 = Release|Any CPU
		{4DACF82F-A8B0-4794-A52C-90371F043927}.Release|iPhoneSimulator.ActiveCfg = Release|Any CPU
		{4DACF82F-A8B0-4794-A52C-90371F043927}.Release|iPhoneSimulator.Build.0 = Release|Any CPU
		{4DACF82F-A8B0-4794-A52C-90371F043927}.Release|iPhoneSimulator.Deploy.0 = Release|Any CPU
		{27ECC412-138E-4CE4-B66F-A0C6BCD86A99}.Ad-Hoc|Any CPU.ActiveCfg = Debug|Any CPU
		{27ECC412-138E-4CE4-B66F-A0C6BCD86A99}.Ad-Hoc|Any CPU.Build.0 = Debug|Any CPU
		{27ECC412-138E-4CE4-B66F-A0C6BCD86A99}.Ad-Hoc|iPhone.ActiveCfg = Debug|Any CPU
		{27ECC412-138E-4CE4-B66F-A0C6BCD86A99}.Ad-Hoc|iPhone.Build.0 = Debug|Any CPU
		{27ECC412-138E-4CE4-B66F-A0C6BCD86A99}.Ad-Hoc|iPhoneSimulator.ActiveCfg = Debug|Any CPU
		{27ECC412-138E-4CE4-B66F-A0C6BCD86A99}.Ad-Hoc|iPhoneSimulator.Build.0 = Debug|Any CPU
		{27ECC412-138E-4CE4-B66F-A0C6BCD86A99}.AppStore|Any CPU.ActiveCfg = Debug|Any CPU
		{27ECC412-138E-4CE4-B66F-A0C6BCD86A99}.AppStore|Any CPU.Build.0 = Debug|Any CPU
		{27ECC412-138E-4CE4-B66F-A0C6BCD86A99}.AppStore|iPhone.ActiveCfg = Debug|Any CPU
		{27ECC412-138E-4CE4-B66F-A0C6BCD86A99}.AppStore|iPhone.Build.0 = Debug|Any CPU
		{27ECC412-138E-4CE4-B66F-A0C6BCD86A99}.AppStore|iPhoneSimulator.ActiveCfg = Debug|Any CPU
		{27ECC412-138E-4CE4-B66F-A0C6BCD86A99}.AppStore|iPhoneSimulator.Build.0 = Debug|Any CPU
		{27ECC412-138E-4CE4-B66F-A0C6BCD86A99}.Debug|Any CPU.ActiveCfg = Debug|Any CPU
		{27ECC412-138E-4CE4-B66F-A0C6BCD86A99}.Debug|Any CPU.Build.0 = Debug|Any CPU
		{27ECC412-138E-4CE4-B66F-A0C6BCD86A99}.Debug|iPhone.ActiveCfg = Debug|Any CPU
		{27ECC412-138E-4CE4-B66F-A0C6BCD86A99}.Debug|iPhone.Build.0 = Debug|Any CPU
		{27ECC412-138E-4CE4-B66F-A0C6BCD86A99}.Debug|iPhoneSimulator.ActiveCfg = Debug|Any CPU
		{27ECC412-138E-4CE4-B66F-A0C6BCD86A99}.Debug|iPhoneSimulator.Build.0 = Debug|Any CPU
		{27ECC412-138E-4CE4-B66F-A0C6BCD86A99}.Release|Any CPU.ActiveCfg = Release|Any CPU
		{27ECC412-138E-4CE4-B66F-A0C6BCD86A99}.Release|Any CPU.Build.0 = Release|Any CPU
		{27ECC412-138E-4CE4-B66F-A0C6BCD86A99}.Release|iPhone.ActiveCfg = Release|Any CPU
		{27ECC412-138E-4CE4-B66F-A0C6BCD86A99}.Release|iPhone.Build.0 = Release|Any CPU
		{27ECC412-138E-4CE4-B66F-A0C6BCD86A99}.Release|iPhoneSimulator.ActiveCfg = Release|Any CPU
		{27ECC412-138E-4CE4-B66F-A0C6BCD86A99}.Release|iPhoneSimulator.Build.0 = Release|Any CPU
		{69F6BD70-0136-4634-A0AD-DB492C36C9F2}.Ad-Hoc|Any CPU.ActiveCfg = Debug|Any CPU
		{69F6BD70-0136-4634-A0AD-DB492C36C9F2}.Ad-Hoc|Any CPU.Build.0 = Debug|Any CPU
		{69F6BD70-0136-4634-A0AD-DB492C36C9F2}.Ad-Hoc|iPhone.ActiveCfg = Debug|Any CPU
		{69F6BD70-0136-4634-A0AD-DB492C36C9F2}.Ad-Hoc|iPhone.Build.0 = Debug|Any CPU
		{69F6BD70-0136-4634-A0AD-DB492C36C9F2}.Ad-Hoc|iPhoneSimulator.ActiveCfg = Debug|Any CPU
		{69F6BD70-0136-4634-A0AD-DB492C36C9F2}.Ad-Hoc|iPhoneSimulator.Build.0 = Debug|Any CPU
		{69F6BD70-0136-4634-A0AD-DB492C36C9F2}.AppStore|Any CPU.ActiveCfg = Debug|Any CPU
		{69F6BD70-0136-4634-A0AD-DB492C36C9F2}.AppStore|Any CPU.Build.0 = Debug|Any CPU
		{69F6BD70-0136-4634-A0AD-DB492C36C9F2}.AppStore|iPhone.ActiveCfg = Debug|Any CPU
		{69F6BD70-0136-4634-A0AD-DB492C36C9F2}.AppStore|iPhone.Build.0 = Debug|Any CPU
		{69F6BD70-0136-4634-A0AD-DB492C36C9F2}.AppStore|iPhoneSimulator.ActiveCfg = Debug|Any CPU
		{69F6BD70-0136-4634-A0AD-DB492C36C9F2}.AppStore|iPhoneSimulator.Build.0 = Debug|Any CPU
		{69F6BD70-0136-4634-A0AD-DB492C36C9F2}.Debug|Any CPU.ActiveCfg = Debug|Any CPU
		{69F6BD70-0136-4634-A0AD-DB492C36C9F2}.Debug|Any CPU.Build.0 = Debug|Any CPU
		{69F6BD70-0136-4634-A0AD-DB492C36C9F2}.Debug|iPhone.ActiveCfg = Debug|Any CPU
		{69F6BD70-0136-4634-A0AD-DB492C36C9F2}.Debug|iPhone.Build.0 = Debug|Any CPU
		{69F6BD70-0136-4634-A0AD-DB492C36C9F2}.Debug|iPhoneSimulator.ActiveCfg = Debug|Any CPU
		{69F6BD70-0136-4634-A0AD-DB492C36C9F2}.Debug|iPhoneSimulator.Build.0 = Debug|Any CPU
		{69F6BD70-0136-4634-A0AD-DB492C36C9F2}.Release|Any CPU.ActiveCfg = Release|Any CPU
		{69F6BD70-0136-4634-A0AD-DB492C36C9F2}.Release|Any CPU.Build.0 = Release|Any CPU
		{69F6BD70-0136-4634-A0AD-DB492C36C9F2}.Release|iPhone.ActiveCfg = Release|Any CPU
		{69F6BD70-0136-4634-A0AD-DB492C36C9F2}.Release|iPhone.Build.0 = Release|Any CPU
		{69F6BD70-0136-4634-A0AD-DB492C36C9F2}.Release|iPhoneSimulator.ActiveCfg = Release|Any CPU
		{69F6BD70-0136-4634-A0AD-DB492C36C9F2}.Release|iPhoneSimulator.Build.0 = Release|Any CPU
		{577F824A-BB5F-45D5-8545-EB745BE70EE4}.Ad-Hoc|Any CPU.ActiveCfg = Debug|Any CPU
		{577F824A-BB5F-45D5-8545-EB745BE70EE4}.Ad-Hoc|Any CPU.Build.0 = Debug|Any CPU
		{577F824A-BB5F-45D5-8545-EB745BE70EE4}.Ad-Hoc|iPhone.ActiveCfg = Debug|Any CPU
		{577F824A-BB5F-45D5-8545-EB745BE70EE4}.Ad-Hoc|iPhone.Build.0 = Debug|Any CPU
		{577F824A-BB5F-45D5-8545-EB745BE70EE4}.Ad-Hoc|iPhoneSimulator.ActiveCfg = Debug|Any CPU
		{577F824A-BB5F-45D5-8545-EB745BE70EE4}.Ad-Hoc|iPhoneSimulator.Build.0 = Debug|Any CPU
		{577F824A-BB5F-45D5-8545-EB745BE70EE4}.AppStore|Any CPU.ActiveCfg = Debug|Any CPU
		{577F824A-BB5F-45D5-8545-EB745BE70EE4}.AppStore|Any CPU.Build.0 = Debug|Any CPU
		{577F824A-BB5F-45D5-8545-EB745BE70EE4}.AppStore|iPhone.ActiveCfg = Debug|Any CPU
		{577F824A-BB5F-45D5-8545-EB745BE70EE4}.AppStore|iPhone.Build.0 = Debug|Any CPU
		{577F824A-BB5F-45D5-8545-EB745BE70EE4}.AppStore|iPhoneSimulator.ActiveCfg = Debug|Any CPU
		{577F824A-BB5F-45D5-8545-EB745BE70EE4}.AppStore|iPhoneSimulator.Build.0 = Debug|Any CPU
		{577F824A-BB5F-45D5-8545-EB745BE70EE4}.Debug|Any CPU.ActiveCfg = Debug|Any CPU
		{577F824A-BB5F-45D5-8545-EB745BE70EE4}.Debug|Any CPU.Build.0 = Debug|Any CPU
		{577F824A-BB5F-45D5-8545-EB745BE70EE4}.Debug|iPhone.ActiveCfg = Debug|Any CPU
		{577F824A-BB5F-45D5-8545-EB745BE70EE4}.Debug|iPhone.Build.0 = Debug|Any CPU
		{577F824A-BB5F-45D5-8545-EB745BE70EE4}.Debug|iPhoneSimulator.ActiveCfg = Debug|Any CPU
		{577F824A-BB5F-45D5-8545-EB745BE70EE4}.Debug|iPhoneSimulator.Build.0 = Debug|Any CPU
		{577F824A-BB5F-45D5-8545-EB745BE70EE4}.Release|Any CPU.ActiveCfg = Release|Any CPU
		{577F824A-BB5F-45D5-8545-EB745BE70EE4}.Release|Any CPU.Build.0 = Release|Any CPU
		{577F824A-BB5F-45D5-8545-EB745BE70EE4}.Release|iPhone.ActiveCfg = Release|Any CPU
		{577F824A-BB5F-45D5-8545-EB745BE70EE4}.Release|iPhone.Build.0 = Release|Any CPU
		{577F824A-BB5F-45D5-8545-EB745BE70EE4}.Release|iPhoneSimulator.ActiveCfg = Release|Any CPU
		{577F824A-BB5F-45D5-8545-EB745BE70EE4}.Release|iPhoneSimulator.Build.0 = Release|Any CPU
		{372D7334-3912-43EB-BBBD-25C85E14B393}.Ad-Hoc|Any CPU.ActiveCfg = Debug|Any CPU
		{372D7334-3912-43EB-BBBD-25C85E14B393}.Ad-Hoc|Any CPU.Build.0 = Debug|Any CPU
		{372D7334-3912-43EB-BBBD-25C85E14B393}.Ad-Hoc|iPhone.ActiveCfg = Debug|Any CPU
		{372D7334-3912-43EB-BBBD-25C85E14B393}.Ad-Hoc|iPhone.Build.0 = Debug|Any CPU
		{372D7334-3912-43EB-BBBD-25C85E14B393}.Ad-Hoc|iPhoneSimulator.ActiveCfg = Debug|Any CPU
		{372D7334-3912-43EB-BBBD-25C85E14B393}.Ad-Hoc|iPhoneSimulator.Build.0 = Debug|Any CPU
		{372D7334-3912-43EB-BBBD-25C85E14B393}.AppStore|Any CPU.ActiveCfg = Debug|Any CPU
		{372D7334-3912-43EB-BBBD-25C85E14B393}.AppStore|Any CPU.Build.0 = Debug|Any CPU
		{372D7334-3912-43EB-BBBD-25C85E14B393}.AppStore|iPhone.ActiveCfg = Debug|Any CPU
		{372D7334-3912-43EB-BBBD-25C85E14B393}.AppStore|iPhone.Build.0 = Debug|Any CPU
		{372D7334-3912-43EB-BBBD-25C85E14B393}.AppStore|iPhoneSimulator.ActiveCfg = Debug|Any CPU
		{372D7334-3912-43EB-BBBD-25C85E14B393}.AppStore|iPhoneSimulator.Build.0 = Debug|Any CPU
		{372D7334-3912-43EB-BBBD-25C85E14B393}.Debug|Any CPU.ActiveCfg = Debug|Any CPU
		{372D7334-3912-43EB-BBBD-25C85E14B393}.Debug|Any CPU.Build.0 = Debug|Any CPU
		{372D7334-3912-43EB-BBBD-25C85E14B393}.Debug|iPhone.ActiveCfg = Debug|Any CPU
		{372D7334-3912-43EB-BBBD-25C85E14B393}.Debug|iPhone.Build.0 = Debug|Any CPU
		{372D7334-3912-43EB-BBBD-25C85E14B393}.Debug|iPhoneSimulator.ActiveCfg = Debug|Any CPU
		{372D7334-3912-43EB-BBBD-25C85E14B393}.Debug|iPhoneSimulator.Build.0 = Debug|Any CPU
		{372D7334-3912-43EB-BBBD-25C85E14B393}.Release|Any CPU.ActiveCfg = Release|Any CPU
		{372D7334-3912-43EB-BBBD-25C85E14B393}.Release|Any CPU.Build.0 = Release|Any CPU
		{372D7334-3912-43EB-BBBD-25C85E14B393}.Release|iPhone.ActiveCfg = Release|Any CPU
		{372D7334-3912-43EB-BBBD-25C85E14B393}.Release|iPhone.Build.0 = Release|Any CPU
		{372D7334-3912-43EB-BBBD-25C85E14B393}.Release|iPhoneSimulator.ActiveCfg = Release|Any CPU
		{372D7334-3912-43EB-BBBD-25C85E14B393}.Release|iPhoneSimulator.Build.0 = Release|Any CPU
		{4DB250F2-2603-4952-A522-3488932AAB4F}.Ad-Hoc|Any CPU.ActiveCfg = Debug|Any CPU
		{4DB250F2-2603-4952-A522-3488932AAB4F}.Ad-Hoc|Any CPU.Build.0 = Debug|Any CPU
		{4DB250F2-2603-4952-A522-3488932AAB4F}.Ad-Hoc|iPhone.ActiveCfg = Debug|Any CPU
		{4DB250F2-2603-4952-A522-3488932AAB4F}.Ad-Hoc|iPhone.Build.0 = Debug|Any CPU
		{4DB250F2-2603-4952-A522-3488932AAB4F}.Ad-Hoc|iPhoneSimulator.ActiveCfg = Debug|Any CPU
		{4DB250F2-2603-4952-A522-3488932AAB4F}.Ad-Hoc|iPhoneSimulator.Build.0 = Debug|Any CPU
		{4DB250F2-2603-4952-A522-3488932AAB4F}.AppStore|Any CPU.ActiveCfg = Debug|Any CPU
		{4DB250F2-2603-4952-A522-3488932AAB4F}.AppStore|Any CPU.Build.0 = Debug|Any CPU
		{4DB250F2-2603-4952-A522-3488932AAB4F}.AppStore|iPhone.ActiveCfg = Debug|Any CPU
		{4DB250F2-2603-4952-A522-3488932AAB4F}.AppStore|iPhone.Build.0 = Debug|Any CPU
		{4DB250F2-2603-4952-A522-3488932AAB4F}.AppStore|iPhoneSimulator.ActiveCfg = Debug|Any CPU
		{4DB250F2-2603-4952-A522-3488932AAB4F}.AppStore|iPhoneSimulator.Build.0 = Debug|Any CPU
		{4DB250F2-2603-4952-A522-3488932AAB4F}.Debug|Any CPU.ActiveCfg = Debug|Any CPU
		{4DB250F2-2603-4952-A522-3488932AAB4F}.Debug|Any CPU.Build.0 = Debug|Any CPU
		{4DB250F2-2603-4952-A522-3488932AAB4F}.Debug|iPhone.ActiveCfg = Debug|Any CPU
		{4DB250F2-2603-4952-A522-3488932AAB4F}.Debug|iPhone.Build.0 = Debug|Any CPU
		{4DB250F2-2603-4952-A522-3488932AAB4F}.Debug|iPhoneSimulator.ActiveCfg = Debug|Any CPU
		{4DB250F2-2603-4952-A522-3488932AAB4F}.Debug|iPhoneSimulator.Build.0 = Debug|Any CPU
		{4DB250F2-2603-4952-A522-3488932AAB4F}.Release|Any CPU.ActiveCfg = Release|Any CPU
		{4DB250F2-2603-4952-A522-3488932AAB4F}.Release|Any CPU.Build.0 = Release|Any CPU
		{4DB250F2-2603-4952-A522-3488932AAB4F}.Release|iPhone.ActiveCfg = Release|Any CPU
		{4DB250F2-2603-4952-A522-3488932AAB4F}.Release|iPhone.Build.0 = Release|Any CPU
		{4DB250F2-2603-4952-A522-3488932AAB4F}.Release|iPhoneSimulator.ActiveCfg = Release|Any CPU
		{4DB250F2-2603-4952-A522-3488932AAB4F}.Release|iPhoneSimulator.Build.0 = Release|Any CPU
		{8A291824-A515-4CCD-838C-019E7CAAA52F}.Ad-Hoc|Any CPU.ActiveCfg = Debug|Any CPU
		{8A291824-A515-4CCD-838C-019E7CAAA52F}.Ad-Hoc|Any CPU.Build.0 = Debug|Any CPU
		{8A291824-A515-4CCD-838C-019E7CAAA52F}.Ad-Hoc|iPhone.ActiveCfg = Debug|Any CPU
		{8A291824-A515-4CCD-838C-019E7CAAA52F}.Ad-Hoc|iPhone.Build.0 = Debug|Any CPU
		{8A291824-A515-4CCD-838C-019E7CAAA52F}.Ad-Hoc|iPhoneSimulator.ActiveCfg = Debug|Any CPU
		{8A291824-A515-4CCD-838C-019E7CAAA52F}.Ad-Hoc|iPhoneSimulator.Build.0 = Debug|Any CPU
		{8A291824-A515-4CCD-838C-019E7CAAA52F}.AppStore|Any CPU.ActiveCfg = Debug|Any CPU
		{8A291824-A515-4CCD-838C-019E7CAAA52F}.AppStore|Any CPU.Build.0 = Debug|Any CPU
		{8A291824-A515-4CCD-838C-019E7CAAA52F}.AppStore|iPhone.ActiveCfg = Debug|Any CPU
		{8A291824-A515-4CCD-838C-019E7CAAA52F}.AppStore|iPhone.Build.0 = Debug|Any CPU
		{8A291824-A515-4CCD-838C-019E7CAAA52F}.AppStore|iPhoneSimulator.ActiveCfg = Debug|Any CPU
		{8A291824-A515-4CCD-838C-019E7CAAA52F}.AppStore|iPhoneSimulator.Build.0 = Debug|Any CPU
		{8A291824-A515-4CCD-838C-019E7CAAA52F}.Debug|Any CPU.ActiveCfg = Debug|Any CPU
		{8A291824-A515-4CCD-838C-019E7CAAA52F}.Debug|Any CPU.Build.0 = Debug|Any CPU
		{8A291824-A515-4CCD-838C-019E7CAAA52F}.Debug|iPhone.ActiveCfg = Debug|Any CPU
		{8A291824-A515-4CCD-838C-019E7CAAA52F}.Debug|iPhone.Build.0 = Debug|Any CPU
		{8A291824-A515-4CCD-838C-019E7CAAA52F}.Debug|iPhoneSimulator.ActiveCfg = Debug|Any CPU
		{8A291824-A515-4CCD-838C-019E7CAAA52F}.Debug|iPhoneSimulator.Build.0 = Debug|Any CPU
		{8A291824-A515-4CCD-838C-019E7CAAA52F}.Release|Any CPU.ActiveCfg = Release|Any CPU
		{8A291824-A515-4CCD-838C-019E7CAAA52F}.Release|Any CPU.Build.0 = Release|Any CPU
		{8A291824-A515-4CCD-838C-019E7CAAA52F}.Release|iPhone.ActiveCfg = Release|Any CPU
		{8A291824-A515-4CCD-838C-019E7CAAA52F}.Release|iPhone.Build.0 = Release|Any CPU
		{8A291824-A515-4CCD-838C-019E7CAAA52F}.Release|iPhoneSimulator.ActiveCfg = Release|Any CPU
		{8A291824-A515-4CCD-838C-019E7CAAA52F}.Release|iPhoneSimulator.Build.0 = Release|Any CPU
		{6F2FF985-C12A-4A45-88AE-E37CF56ED098}.Ad-Hoc|Any CPU.ActiveCfg = Debug|Any CPU
		{6F2FF985-C12A-4A45-88AE-E37CF56ED098}.Ad-Hoc|Any CPU.Build.0 = Debug|Any CPU
		{6F2FF985-C12A-4A45-88AE-E37CF56ED098}.Ad-Hoc|iPhone.ActiveCfg = Debug|Any CPU
		{6F2FF985-C12A-4A45-88AE-E37CF56ED098}.Ad-Hoc|iPhone.Build.0 = Debug|Any CPU
		{6F2FF985-C12A-4A45-88AE-E37CF56ED098}.Ad-Hoc|iPhoneSimulator.ActiveCfg = Debug|Any CPU
		{6F2FF985-C12A-4A45-88AE-E37CF56ED098}.Ad-Hoc|iPhoneSimulator.Build.0 = Debug|Any CPU
		{6F2FF985-C12A-4A45-88AE-E37CF56ED098}.AppStore|Any CPU.ActiveCfg = Debug|Any CPU
		{6F2FF985-C12A-4A45-88AE-E37CF56ED098}.AppStore|Any CPU.Build.0 = Debug|Any CPU
		{6F2FF985-C12A-4A45-88AE-E37CF56ED098}.AppStore|iPhone.ActiveCfg = Debug|Any CPU
		{6F2FF985-C12A-4A45-88AE-E37CF56ED098}.AppStore|iPhone.Build.0 = Debug|Any CPU
		{6F2FF985-C12A-4A45-88AE-E37CF56ED098}.AppStore|iPhoneSimulator.ActiveCfg = Debug|Any CPU
		{6F2FF985-C12A-4A45-88AE-E37CF56ED098}.AppStore|iPhoneSimulator.Build.0 = Debug|Any CPU
		{6F2FF985-C12A-4A45-88AE-E37CF56ED098}.Debug|Any CPU.ActiveCfg = Debug|Any CPU
		{6F2FF985-C12A-4A45-88AE-E37CF56ED098}.Debug|Any CPU.Build.0 = Debug|Any CPU
		{6F2FF985-C12A-4A45-88AE-E37CF56ED098}.Debug|iPhone.ActiveCfg = Debug|Any CPU
		{6F2FF985-C12A-4A45-88AE-E37CF56ED098}.Debug|iPhone.Build.0 = Debug|Any CPU
		{6F2FF985-C12A-4A45-88AE-E37CF56ED098}.Debug|iPhoneSimulator.ActiveCfg = Debug|Any CPU
		{6F2FF985-C12A-4A45-88AE-E37CF56ED098}.Debug|iPhoneSimulator.Build.0 = Debug|Any CPU
		{6F2FF985-C12A-4A45-88AE-E37CF56ED098}.Release|Any CPU.ActiveCfg = Release|Any CPU
		{6F2FF985-C12A-4A45-88AE-E37CF56ED098}.Release|Any CPU.Build.0 = Release|Any CPU
		{6F2FF985-C12A-4A45-88AE-E37CF56ED098}.Release|iPhone.ActiveCfg = Release|Any CPU
		{6F2FF985-C12A-4A45-88AE-E37CF56ED098}.Release|iPhone.Build.0 = Release|Any CPU
		{6F2FF985-C12A-4A45-88AE-E37CF56ED098}.Release|iPhoneSimulator.ActiveCfg = Release|Any CPU
		{6F2FF985-C12A-4A45-88AE-E37CF56ED098}.Release|iPhoneSimulator.Build.0 = Release|Any CPU
		{3FBC0F2D-8CF0-4ECA-9C01-626A0A1D0E62}.Ad-Hoc|Any CPU.ActiveCfg = Debug|Any CPU
		{3FBC0F2D-8CF0-4ECA-9C01-626A0A1D0E62}.Ad-Hoc|Any CPU.Build.0 = Debug|Any CPU
		{3FBC0F2D-8CF0-4ECA-9C01-626A0A1D0E62}.Ad-Hoc|iPhone.ActiveCfg = Debug|Any CPU
		{3FBC0F2D-8CF0-4ECA-9C01-626A0A1D0E62}.Ad-Hoc|iPhone.Build.0 = Debug|Any CPU
		{3FBC0F2D-8CF0-4ECA-9C01-626A0A1D0E62}.Ad-Hoc|iPhoneSimulator.ActiveCfg = Debug|Any CPU
		{3FBC0F2D-8CF0-4ECA-9C01-626A0A1D0E62}.Ad-Hoc|iPhoneSimulator.Build.0 = Debug|Any CPU
		{3FBC0F2D-8CF0-4ECA-9C01-626A0A1D0E62}.AppStore|Any CPU.ActiveCfg = Debug|Any CPU
		{3FBC0F2D-8CF0-4ECA-9C01-626A0A1D0E62}.AppStore|Any CPU.Build.0 = Debug|Any CPU
		{3FBC0F2D-8CF0-4ECA-9C01-626A0A1D0E62}.AppStore|iPhone.ActiveCfg = Debug|Any CPU
		{3FBC0F2D-8CF0-4ECA-9C01-626A0A1D0E62}.AppStore|iPhone.Build.0 = Debug|Any CPU
		{3FBC0F2D-8CF0-4ECA-9C01-626A0A1D0E62}.AppStore|iPhoneSimulator.ActiveCfg = Debug|Any CPU
		{3FBC0F2D-8CF0-4ECA-9C01-626A0A1D0E62}.AppStore|iPhoneSimulator.Build.0 = Debug|Any CPU
		{3FBC0F2D-8CF0-4ECA-9C01-626A0A1D0E62}.Debug|Any CPU.ActiveCfg = Debug|Any CPU
		{3FBC0F2D-8CF0-4ECA-9C01-626A0A1D0E62}.Debug|Any CPU.Build.0 = Debug|Any CPU
		{3FBC0F2D-8CF0-4ECA-9C01-626A0A1D0E62}.Debug|iPhone.ActiveCfg = Debug|Any CPU
		{3FBC0F2D-8CF0-4ECA-9C01-626A0A1D0E62}.Debug|iPhone.Build.0 = Debug|Any CPU
		{3FBC0F2D-8CF0-4ECA-9C01-626A0A1D0E62}.Debug|iPhoneSimulator.ActiveCfg = Debug|Any CPU
		{3FBC0F2D-8CF0-4ECA-9C01-626A0A1D0E62}.Debug|iPhoneSimulator.Build.0 = Debug|Any CPU
		{3FBC0F2D-8CF0-4ECA-9C01-626A0A1D0E62}.Release|Any CPU.ActiveCfg = Release|Any CPU
		{3FBC0F2D-8CF0-4ECA-9C01-626A0A1D0E62}.Release|Any CPU.Build.0 = Release|Any CPU
		{3FBC0F2D-8CF0-4ECA-9C01-626A0A1D0E62}.Release|iPhone.ActiveCfg = Release|Any CPU
		{3FBC0F2D-8CF0-4ECA-9C01-626A0A1D0E62}.Release|iPhone.Build.0 = Release|Any CPU
		{3FBC0F2D-8CF0-4ECA-9C01-626A0A1D0E62}.Release|iPhoneSimulator.ActiveCfg = Release|Any CPU
		{3FBC0F2D-8CF0-4ECA-9C01-626A0A1D0E62}.Release|iPhoneSimulator.Build.0 = Release|Any CPU
		{BCAEF150-7E9D-48A3-AFAA-0C7235FDA03A}.Ad-Hoc|Any CPU.ActiveCfg = Debug|Any CPU
		{BCAEF150-7E9D-48A3-AFAA-0C7235FDA03A}.Ad-Hoc|Any CPU.Build.0 = Debug|Any CPU
		{BCAEF150-7E9D-48A3-AFAA-0C7235FDA03A}.Ad-Hoc|iPhone.ActiveCfg = Debug|Any CPU
		{BCAEF150-7E9D-48A3-AFAA-0C7235FDA03A}.Ad-Hoc|iPhone.Build.0 = Debug|Any CPU
		{BCAEF150-7E9D-48A3-AFAA-0C7235FDA03A}.Ad-Hoc|iPhoneSimulator.ActiveCfg = Debug|Any CPU
		{BCAEF150-7E9D-48A3-AFAA-0C7235FDA03A}.Ad-Hoc|iPhoneSimulator.Build.0 = Debug|Any CPU
		{BCAEF150-7E9D-48A3-AFAA-0C7235FDA03A}.AppStore|Any CPU.ActiveCfg = Debug|Any CPU
		{BCAEF150-7E9D-48A3-AFAA-0C7235FDA03A}.AppStore|Any CPU.Build.0 = Debug|Any CPU
		{BCAEF150-7E9D-48A3-AFAA-0C7235FDA03A}.AppStore|iPhone.ActiveCfg = Debug|Any CPU
		{BCAEF150-7E9D-48A3-AFAA-0C7235FDA03A}.AppStore|iPhone.Build.0 = Debug|Any CPU
		{BCAEF150-7E9D-48A3-AFAA-0C7235FDA03A}.AppStore|iPhoneSimulator.ActiveCfg = Debug|Any CPU
		{BCAEF150-7E9D-48A3-AFAA-0C7235FDA03A}.AppStore|iPhoneSimulator.Build.0 = Debug|Any CPU
		{BCAEF150-7E9D-48A3-AFAA-0C7235FDA03A}.Debug|Any CPU.ActiveCfg = Debug|Any CPU
		{BCAEF150-7E9D-48A3-AFAA-0C7235FDA03A}.Debug|Any CPU.Build.0 = Debug|Any CPU
		{BCAEF150-7E9D-48A3-AFAA-0C7235FDA03A}.Debug|iPhone.ActiveCfg = Debug|Any CPU
		{BCAEF150-7E9D-48A3-AFAA-0C7235FDA03A}.Debug|iPhone.Build.0 = Debug|Any CPU
		{BCAEF150-7E9D-48A3-AFAA-0C7235FDA03A}.Debug|iPhoneSimulator.ActiveCfg = Debug|Any CPU
		{BCAEF150-7E9D-48A3-AFAA-0C7235FDA03A}.Debug|iPhoneSimulator.Build.0 = Debug|Any CPU
		{BCAEF150-7E9D-48A3-AFAA-0C7235FDA03A}.Release|Any CPU.ActiveCfg = Release|Any CPU
		{BCAEF150-7E9D-48A3-AFAA-0C7235FDA03A}.Release|Any CPU.Build.0 = Release|Any CPU
		{BCAEF150-7E9D-48A3-AFAA-0C7235FDA03A}.Release|iPhone.ActiveCfg = Release|Any CPU
		{BCAEF150-7E9D-48A3-AFAA-0C7235FDA03A}.Release|iPhone.Build.0 = Release|Any CPU
		{BCAEF150-7E9D-48A3-AFAA-0C7235FDA03A}.Release|iPhoneSimulator.ActiveCfg = Release|Any CPU
		{BCAEF150-7E9D-48A3-AFAA-0C7235FDA03A}.Release|iPhoneSimulator.Build.0 = Release|Any CPU
		{64031A5F-8FD7-467D-BB2D-EB15215F90AD}.Ad-Hoc|Any CPU.ActiveCfg = Debug|Any CPU
		{64031A5F-8FD7-467D-BB2D-EB15215F90AD}.Ad-Hoc|Any CPU.Build.0 = Debug|Any CPU
		{64031A5F-8FD7-467D-BB2D-EB15215F90AD}.Ad-Hoc|iPhone.ActiveCfg = Debug|Any CPU
		{64031A5F-8FD7-467D-BB2D-EB15215F90AD}.Ad-Hoc|iPhone.Build.0 = Debug|Any CPU
		{64031A5F-8FD7-467D-BB2D-EB15215F90AD}.Ad-Hoc|iPhoneSimulator.ActiveCfg = Debug|Any CPU
		{64031A5F-8FD7-467D-BB2D-EB15215F90AD}.Ad-Hoc|iPhoneSimulator.Build.0 = Debug|Any CPU
		{64031A5F-8FD7-467D-BB2D-EB15215F90AD}.AppStore|Any CPU.ActiveCfg = Debug|Any CPU
		{64031A5F-8FD7-467D-BB2D-EB15215F90AD}.AppStore|Any CPU.Build.0 = Debug|Any CPU
		{64031A5F-8FD7-467D-BB2D-EB15215F90AD}.AppStore|iPhone.ActiveCfg = Debug|Any CPU
		{64031A5F-8FD7-467D-BB2D-EB15215F90AD}.AppStore|iPhone.Build.0 = Debug|Any CPU
		{64031A5F-8FD7-467D-BB2D-EB15215F90AD}.AppStore|iPhoneSimulator.ActiveCfg = Debug|Any CPU
		{64031A5F-8FD7-467D-BB2D-EB15215F90AD}.AppStore|iPhoneSimulator.Build.0 = Debug|Any CPU
		{64031A5F-8FD7-467D-BB2D-EB15215F90AD}.Debug|Any CPU.ActiveCfg = Debug|Any CPU
		{64031A5F-8FD7-467D-BB2D-EB15215F90AD}.Debug|Any CPU.Build.0 = Debug|Any CPU
		{64031A5F-8FD7-467D-BB2D-EB15215F90AD}.Debug|iPhone.ActiveCfg = Debug|Any CPU
		{64031A5F-8FD7-467D-BB2D-EB15215F90AD}.Debug|iPhone.Build.0 = Debug|Any CPU
		{64031A5F-8FD7-467D-BB2D-EB15215F90AD}.Debug|iPhoneSimulator.ActiveCfg = Debug|Any CPU
		{64031A5F-8FD7-467D-BB2D-EB15215F90AD}.Debug|iPhoneSimulator.Build.0 = Debug|Any CPU
		{64031A5F-8FD7-467D-BB2D-EB15215F90AD}.Release|Any CPU.ActiveCfg = Release|Any CPU
		{64031A5F-8FD7-467D-BB2D-EB15215F90AD}.Release|Any CPU.Build.0 = Release|Any CPU
		{64031A5F-8FD7-467D-BB2D-EB15215F90AD}.Release|iPhone.ActiveCfg = Release|Any CPU
		{64031A5F-8FD7-467D-BB2D-EB15215F90AD}.Release|iPhone.Build.0 = Release|Any CPU
		{64031A5F-8FD7-467D-BB2D-EB15215F90AD}.Release|iPhoneSimulator.ActiveCfg = Release|Any CPU
		{64031A5F-8FD7-467D-BB2D-EB15215F90AD}.Release|iPhoneSimulator.Build.0 = Release|Any CPU
		{720DA48D-4457-4EED-99E8-7A63671E3AB9}.Ad-Hoc|Any CPU.ActiveCfg = Debug|Any CPU
		{720DA48D-4457-4EED-99E8-7A63671E3AB9}.Ad-Hoc|Any CPU.Build.0 = Debug|Any CPU
		{720DA48D-4457-4EED-99E8-7A63671E3AB9}.Ad-Hoc|iPhone.ActiveCfg = Debug|Any CPU
		{720DA48D-4457-4EED-99E8-7A63671E3AB9}.Ad-Hoc|iPhone.Build.0 = Debug|Any CPU
		{720DA48D-4457-4EED-99E8-7A63671E3AB9}.Ad-Hoc|iPhoneSimulator.ActiveCfg = Debug|Any CPU
		{720DA48D-4457-4EED-99E8-7A63671E3AB9}.Ad-Hoc|iPhoneSimulator.Build.0 = Debug|Any CPU
		{720DA48D-4457-4EED-99E8-7A63671E3AB9}.AppStore|Any CPU.ActiveCfg = Debug|Any CPU
		{720DA48D-4457-4EED-99E8-7A63671E3AB9}.AppStore|Any CPU.Build.0 = Debug|Any CPU
		{720DA48D-4457-4EED-99E8-7A63671E3AB9}.AppStore|iPhone.ActiveCfg = Debug|Any CPU
		{720DA48D-4457-4EED-99E8-7A63671E3AB9}.AppStore|iPhone.Build.0 = Debug|Any CPU
		{720DA48D-4457-4EED-99E8-7A63671E3AB9}.AppStore|iPhoneSimulator.ActiveCfg = Debug|Any CPU
		{720DA48D-4457-4EED-99E8-7A63671E3AB9}.AppStore|iPhoneSimulator.Build.0 = Debug|Any CPU
		{720DA48D-4457-4EED-99E8-7A63671E3AB9}.Debug|Any CPU.ActiveCfg = Debug|Any CPU
		{720DA48D-4457-4EED-99E8-7A63671E3AB9}.Debug|Any CPU.Build.0 = Debug|Any CPU
		{720DA48D-4457-4EED-99E8-7A63671E3AB9}.Debug|iPhone.ActiveCfg = Debug|Any CPU
		{720DA48D-4457-4EED-99E8-7A63671E3AB9}.Debug|iPhone.Build.0 = Debug|Any CPU
		{720DA48D-4457-4EED-99E8-7A63671E3AB9}.Debug|iPhoneSimulator.ActiveCfg = Debug|Any CPU
		{720DA48D-4457-4EED-99E8-7A63671E3AB9}.Debug|iPhoneSimulator.Build.0 = Debug|Any CPU
		{720DA48D-4457-4EED-99E8-7A63671E3AB9}.Release|Any CPU.ActiveCfg = Release|Any CPU
		{720DA48D-4457-4EED-99E8-7A63671E3AB9}.Release|Any CPU.Build.0 = Release|Any CPU
		{720DA48D-4457-4EED-99E8-7A63671E3AB9}.Release|iPhone.ActiveCfg = Release|Any CPU
		{720DA48D-4457-4EED-99E8-7A63671E3AB9}.Release|iPhone.Build.0 = Release|Any CPU
		{720DA48D-4457-4EED-99E8-7A63671E3AB9}.Release|iPhoneSimulator.ActiveCfg = Release|Any CPU
		{720DA48D-4457-4EED-99E8-7A63671E3AB9}.Release|iPhoneSimulator.Build.0 = Release|Any CPU
	EndGlobalSection
	GlobalSection(SolutionProperties) = preSolution
		HideSolutionNode = FALSE
	EndGlobalSection
	GlobalSection(NestedProjects) = preSolution
		{876E70CE-B42A-48D8-A8B6-54E1B8A81AC2} = {EEF18FBA-BD83-41DD-B499-1A161C81BFFA}
		{477D69E0-530F-4765-9F22-689B05CDA5A2} = {EEF18FBA-BD83-41DD-B499-1A161C81BFFA}
		{4DACF82F-A8B0-4794-A52C-90371F043927} = {2A9A48C5-A69F-42CA-800F-BEAB6FFBBCF1}
		{27ECC412-138E-4CE4-B66F-A0C6BCD86A99} = {D225BF81-51C6-46B5-B140-AC761B9D89E2}
		{69F6BD70-0136-4634-A0AD-DB492C36C9F2} = {2A9A48C5-A69F-42CA-800F-BEAB6FFBBCF1}
		{577F824A-BB5F-45D5-8545-EB745BE70EE4} = {2A9A48C5-A69F-42CA-800F-BEAB6FFBBCF1}
		{372D7334-3912-43EB-BBBD-25C85E14B393} = {D225BF81-51C6-46B5-B140-AC761B9D89E2}
		{4DB250F2-2603-4952-A522-3488932AAB4F} = {2A9A48C5-A69F-42CA-800F-BEAB6FFBBCF1}
		{8A291824-A515-4CCD-838C-019E7CAAA52F} = {D225BF81-51C6-46B5-B140-AC761B9D89E2}
		{6F2FF985-C12A-4A45-88AE-E37CF56ED098} = {D225BF81-51C6-46B5-B140-AC761B9D89E2}
		{3FBC0F2D-8CF0-4ECA-9C01-626A0A1D0E62} = {D225BF81-51C6-46B5-B140-AC761B9D89E2}
		{BCAEF150-7E9D-48A3-AFAA-0C7235FDA03A} = {2A9A48C5-A69F-42CA-800F-BEAB6FFBBCF1}
		{64031A5F-8FD7-467D-BB2D-EB15215F90AD} = {2A9A48C5-A69F-42CA-800F-BEAB6FFBBCF1}
		{720DA48D-4457-4EED-99E8-7A63671E3AB9} = {D225BF81-51C6-46B5-B140-AC761B9D89E2}
	EndGlobalSection
	GlobalSection(ExtensibilityGlobals) = postSolution
		SolutionGuid = {F2768243-3D35-45BA-B5C7-07004CA1F651}
	EndGlobalSection
EndGlobal
