
Microsoft Visual Studio Solution File, Format Version 12.00
# Visual Studio 15
VisualStudioVersion = 15.0.28307.438
MinimumVisualStudioVersion = 10.0.40219.1
Project("{FAE04EC0-301F-11D3-BF4B-00C04F79EFBC}") = "ProjectSpartan.Android", "ProjectSpartan\ProjectSpartan.Android\ProjectSpartan.Android.csproj", "{876E70CE-B42A-48D8-A8B6-54E1B8A81AC2}"
EndProject
Project("{FAE04EC0-301F-11D3-BF4B-00C04F79EFBC}") = "ProjectSpartan.iOS", "ProjectSpartan\ProjectSpartan.iOS\ProjectSpartan.iOS.csproj", "{477D69E0-530F-4765-9F22-689B05CDA5A2}"
EndProject
Project("{FAE04EC0-301F-11D3-BF4B-00C04F79EFBC}") = "ProjectSpartan", "ProjectSpartan\ProjectSpartan\ProjectSpartan.csproj", "{4DACF82F-A8B0-4794-A52C-90371F043927}"
EndProject
Global
	GlobalSection(SolutionConfigurationPlatforms) = preSolution
		Ad-Hoc|Any CPU = Ad-Hoc|Any CPU
		Ad-Hoc|iPhone = Ad-Hoc|iPhone
		Ad-Hoc|iPhoneSimulator = Ad-Hoc|iPhoneSimulator
		AppStore|Any CPU = AppStore|Any CPU
		AppStore|iPhone = AppStore|iPhone
		AppStore|iPhoneSimulator = AppStore|iPhoneSimulator
		Debug|Any CPU = Debug|Any CPU
		Debug|iPhone = Debug|iPhone
		Debug|iPhoneSimulator = Debug|iPhoneSimulator
		Release|Any CPU = Release|Any CPU
		Release|iPhone = Release|iPhone
		Release|iPhoneSimulator = Release|iPhoneSimulator
	EndGlobalSection
	GlobalSection(ProjectConfigurationPlatforms) = postSolution
		{876E70CE-B42A-48D8-A8B6-54E1B8A81AC2}.Ad-Hoc|Any CPU.ActiveCfg = Release|Any CPU
		{876E70CE-B42A-48D8-A8B6-54E1B8A81AC2}.Ad-Hoc|Any CPU.Build.0 = Release|Any CPU
		{876E70CE-B42A-48D8-A8B6-54E1B8A81AC2}.Ad-Hoc|Any CPU.Deploy.0 = Release|Any CPU
		{876E70CE-B42A-48D8-A8B6-54E1B8A81AC2}.Ad-Hoc|iPhone.ActiveCfg = Release|Any CPU
		{876E70CE-B42A-48D8-A8B6-54E1B8A81AC2}.Ad-Hoc|iPhone.Build.0 = Release|Any CPU
		{876E70CE-B42A-48D8-A8B6-54E1B8A81AC2}.Ad-Hoc|iPhone.Deploy.0 = Release|Any CPU
		{876E70CE-B42A-48D8-A8B6-54E1B8A81AC2}.Ad-Hoc|iPhoneSimulator.ActiveCfg = Release|Any CPU
		{876E70CE-B42A-48D8-A8B6-54E1B8A81AC2}.Ad-Hoc|iPhoneSimulator.Build.0 = Release|Any CPU
		{876E70CE-B42A-48D8-A8B6-54E1B8A81AC2}.Ad-Hoc|iPhoneSimulator.Deploy.0 = Release|Any CPU
		{876E70CE-B42A-48D8-A8B6-54E1B8A81AC2}.AppStore|Any CPU.ActiveCfg = Release|Any CPU
		{876E70CE-B42A-48D8-A8B6-54E1B8A81AC2}.AppStore|Any CPU.Build.0 = Release|Any CPU
		{876E70CE-B42A-48D8-A8B6-54E1B8A81AC2}.AppStore|Any CPU.Deploy.0 = Release|Any CPU
		{876E70CE-B42A-48D8-A8B6-54E1B8A81AC2}.AppStore|iPhone.ActiveCfg = Release|Any CPU
		{876E70CE-B42A-48D8-A8B6-54E1B8A81AC2}.AppStore|iPhone.Build.0 = Release|Any CPU
		{876E70CE-B42A-48D8-A8B6-54E1B8A81AC2}.AppStore|iPhone.Deploy.0 = Release|Any CPU
		{876E70CE-B42A-48D8-A8B6-54E1B8A81AC2}.AppStore|iPhoneSimulator.ActiveCfg = Release|Any CPU
		{876E70CE-B42A-48D8-A8B6-54E1B8A81AC2}.AppStore|iPhoneSimulator.Build.0 = Release|Any CPU
		{876E70CE-B42A-48D8-A8B6-54E1B8A81AC2}.AppStore|iPhoneSimulator.Deploy.0 = Release|Any CPU
		{876E70CE-B42A-48D8-A8B6-54E1B8A81AC2}.Debug|Any CPU.ActiveCfg = Debug|Any CPU
		{876E70CE-B42A-48D8-A8B6-54E1B8A81AC2}.Debug|Any CPU.Build.0 = Debug|Any CPU
		{876E70CE-B42A-48D8-A8B6-54E1B8A81AC2}.Debug|Any CPU.Deploy.0 = Debug|Any CPU
		{876E70CE-B42A-48D8-A8B6-54E1B8A81AC2}.Debug|iPhone.ActiveCfg = Debug|Any CPU
		{876E70CE-B42A-48D8-A8B6-54E1B8A81AC2}.Debug|iPhone.Build.0 = Debug|Any CPU
		{876E70CE-B42A-48D8-A8B6-54E1B8A81AC2}.Debug|iPhone.Deploy.0 = Debug|Any CPU
		{876E70CE-B42A-48D8-A8B6-54E1B8A81AC2}.Debug|iPhoneSimulator.ActiveCfg = Debug|Any CPU
		{876E70CE-B42A-48D8-A8B6-54E1B8A81AC2}.Debug|iPhoneSimulator.Build.0 = Debug|Any CPU
		{876E70CE-B42A-48D8-A8B6-54E1B8A81AC2}.Debug|iPhoneSimulator.Deploy.0 = Debug|Any CPU
		{876E70CE-B42A-48D8-A8B6-54E1B8A81AC2}.Release|Any CPU.ActiveCfg = Release|Any CPU
		{876E70CE-B42A-48D8-A8B6-54E1B8A81AC2}.Release|Any CPU.Build.0 = Release|Any CPU
		{876E70CE-B42A-48D8-A8B6-54E1B8A81AC2}.Release|Any CPU.Deploy.0 = Release|Any CPU
		{876E70CE-B42A-48D8-A8B6-54E1B8A81AC2}.Release|iPhone.ActiveCfg = Release|Any CPU
		{876E70CE-B42A-48D8-A8B6-54E1B8A81AC2}.Release|iPhone.Build.0 = Release|Any CPU
		{876E70CE-B42A-48D8-A8B6-54E1B8A81AC2}.Release|iPhone.Deploy.0 = Release|Any CPU
		{876E70CE-B42A-48D8-A8B6-54E1B8A81AC2}.Release|iPhoneSimulator.ActiveCfg = Release|Any CPU
		{876E70CE-B42A-48D8-A8B6-54E1B8A81AC2}.Release|iPhoneSimulator.Build.0 = Release|Any CPU
		{876E70CE-B42A-48D8-A8B6-54E1B8A81AC2}.Release|iPhoneSimulator.Deploy.0 = Release|Any CPU
		{477D69E0-530F-4765-9F22-689B05CDA5A2}.Ad-Hoc|Any CPU.ActiveCfg = Ad-Hoc|iPhone
		{477D69E0-530F-4765-9F22-689B05CDA5A2}.Ad-Hoc|Any CPU.Build.0 = Ad-Hoc|iPhone
		{477D69E0-530F-4765-9F22-689B05CDA5A2}.Ad-Hoc|Any CPU.Deploy.0 = Ad-Hoc|iPhone
		{477D69E0-530F-4765-9F22-689B05CDA5A2}.Ad-Hoc|iPhone.ActiveCfg = Ad-Hoc|iPhone
		{477D69E0-530F-4765-9F22-689B05CDA5A2}.Ad-Hoc|iPhone.Build.0 = Ad-Hoc|iPhone
		{477D69E0-530F-4765-9F22-689B05CDA5A2}.Ad-Hoc|iPhone.Deploy.0 = Ad-Hoc|iPhone
		{477D69E0-530F-4765-9F22-689B05CDA5A2}.Ad-Hoc|iPhoneSimulator.ActiveCfg = Ad-Hoc|iPhoneSimulator
		{477D69E0-530F-4765-9F22-689B05CDA5A2}.Ad-Hoc|iPhoneSimulator.Build.0 = Ad-Hoc|iPhoneSimulator
		{477D69E0-530F-4765-9F22-689B05CDA5A2}.Ad-Hoc|iPhoneSimulator.Deploy.0 = Ad-Hoc|iPhoneSimulator
		{477D69E0-530F-4765-9F22-689B05CDA5A2}.AppStore|Any CPU.ActiveCfg = AppStore|iPhone
		{477D69E0-530F-4765-9F22-689B05CDA5A2}.AppStore|Any CPU.Build.0 = AppStore|iPhone
		{477D69E0-530F-4765-9F22-689B05CDA5A2}.AppStore|Any CPU.Deploy.0 = AppStore|iPhone
		{477D69E0-530F-4765-9F22-689B05CDA5A2}.AppStore|iPhone.ActiveCfg = AppStore|iPhone
		{477D69E0-530F-4765-9F22-689B05CDA5A2}.AppStore|iPhone.Build.0 = AppStore|iPhone
		{477D69E0-530F-4765-9F22-689B05CDA5A2}.AppStore|iPhone.Deploy.0 = AppStore|iPhone
		{477D69E0-530F-4765-9F22-689B05CDA5A2}.AppStore|iPhoneSimulator.ActiveCfg = AppStore|iPhoneSimulator
		{477D69E0-530F-4765-9F22-689B05CDA5A2}.AppStore|iPhoneSimulator.Build.0 = AppStore|iPhoneSimulator
		{477D69E0-530F-4765-9F22-689B05CDA5A2}.AppStore|iPhoneSimulator.Deploy.0 = AppStore|iPhoneSimulator
		{477D69E0-530F-4765-9F22-689B05CDA5A2}.Debug|Any CPU.ActiveCfg = Debug|iPhoneSimulator
		{477D69E0-530F-4765-9F22-689B05CDA5A2}.Debug|Any CPU.Build.0 = Debug|iPhoneSimulator
		{477D69E0-530F-4765-9F22-689B05CDA5A2}.Debug|Any CPU.Deploy.0 = Debug|iPhoneSimulator
		{477D69E0-530F-4765-9F22-689B05CDA5A2}.Debug|iPhone.ActiveCfg = Debug|iPhone
		{477D69E0-530F-4765-9F22-689B05CDA5A2}.Debug|iPhone.Build.0 = Debug|iPhone
		{477D69E0-530F-4765-9F22-689B05CDA5A2}.Debug|iPhone.Deploy.0 = Debug|iPhone
		{477D69E0-530F-4765-9F22-689B05CDA5A2}.Debug|iPhoneSimulator.ActiveCfg = Debug|iPhoneSimulator
		{477D69E0-530F-4765-9F22-689B05CDA5A2}.Debug|iPhoneSimulator.Build.0 = Debug|iPhoneSimulator
		{477D69E0-530F-4765-9F22-689B05CDA5A2}.Debug|iPhoneSimulator.Deploy.0 = Debug|iPhoneSimulator
		{477D69E0-530F-4765-9F22-689B05CDA5A2}.Release|Any CPU.ActiveCfg = Release|iPhone
		{477D69E0-530F-4765-9F22-689B05CDA5A2}.Release|Any CPU.Build.0 = Release|iPhone
		{477D69E0-530F-4765-9F22-689B05CDA5A2}.Release|Any CPU.Deploy.0 = Release|iPhone
		{477D69E0-530F-4765-9F22-689B05CDA5A2}.Release|iPhone.ActiveCfg = Release|iPhone
		{477D69E0-530F-4765-9F22-689B05CDA5A2}.Release|iPhone.Build.0 = Release|iPhone
		{477D69E0-530F-4765-9F22-689B05CDA5A2}.Release|iPhone.Deploy.0 = Release|iPhone
		{477D69E0-530F-4765-9F22-689B05CDA5A2}.Release|iPhoneSimulator.ActiveCfg = Release|iPhoneSimulator
		{477D69E0-530F-4765-9F22-689B05CDA5A2}.Release|iPhoneSimulator.Build.0 = Release|iPhoneSimulator
		{477D69E0-530F-4765-9F22-689B05CDA5A2}.Release|iPhoneSimulator.Deploy.0 = Release|iPhoneSimulator
		{4DACF82F-A8B0-4794-A52C-90371F043927}.Ad-Hoc|Any CPU.ActiveCfg = Debug|Any CPU
		{4DACF82F-A8B0-4794-A52C-90371F043927}.Ad-Hoc|Any CPU.Build.0 = Debug|Any CPU
		{4DACF82F-A8B0-4794-A52C-90371F043927}.Ad-Hoc|Any CPU.Deploy.0 = Debug|Any CPU
		{4DACF82F-A8B0-4794-A52C-90371F043927}.Ad-Hoc|iPhone.ActiveCfg = Debug|Any CPU
		{4DACF82F-A8B0-4794-A52C-90371F043927}.Ad-Hoc|iPhone.Build.0 = Debug|Any CPU
		{4DACF82F-A8B0-4794-A52C-90371F043927}.Ad-Hoc|iPhone.Deploy.0 = Debug|Any CPU
		{4DACF82F-A8B0-4794-A52C-90371F043927}.Ad-Hoc|iPhoneSimulator.ActiveCfg = Debug|Any CPU
		{4DACF82F-A8B0-4794-A52C-90371F043927}.Ad-Hoc|iPhoneSimulator.Build.0 = Debug|Any CPU
		{4DACF82F-A8B0-4794-A52C-90371F043927}.Ad-Hoc|iPhoneSimulator.Deploy.0 = Debug|Any CPU
		{4DACF82F-A8B0-4794-A52C-90371F043927}.AppStore|Any CPU.ActiveCfg = Debug|Any CPU
		{4DACF82F-A8B0-4794-A52C-90371F043927}.AppStore|Any CPU.Build.0 = Debug|Any CPU
		{4DACF82F-A8B0-4794-A52C-90371F043927}.AppStore|Any CPU.Deploy.0 = Debug|Any CPU
		{4DACF82F-A8B0-4794-A52C-90371F043927}.AppStore|iPhone.ActiveCfg = Debug|Any CPU
		{4DACF82F-A8B0-4794-A52C-90371F043927}.AppStore|iPhone.Build.0 = Debug|Any CPU
		{4DACF82F-A8B0-4794-A52C-90371F043927}.AppStore|iPhone.Deploy.0 = Debug|Any CPU
		{4DACF82F-A8B0-4794-A52C-90371F043927}.AppStore|iPhoneSimulator.ActiveCfg = Debug|Any CPU
		{4DACF82F-A8B0-4794-A52C-90371F043927}.AppStore|iPhoneSimulator.Build.0 = Debug|Any CPU
		{4DACF82F-A8B0-4794-A52C-90371F043927}.AppStore|iPhoneSimulator.Deploy.0 = Debug|Any CPU
		{4DACF82F-A8B0-4794-A52C-90371F043927}.Debug|Any CPU.ActiveCfg = Debug|Any CPU
		{4DACF82F-A8B0-4794-A52C-90371F043927}.Debug|Any CPU.Build.0 = Debug|Any CPU
		{4DACF82F-A8B0-4794-A52C-90371F043927}.Debug|Any CPU.Deploy.0 = Debug|Any CPU
		{4DACF82F-A8B0-4794-A52C-90371F043927}.Debug|iPhone.ActiveCfg = Debug|Any CPU
		{4DACF82F-A8B0-4794-A52C-90371F043927}.Debug|iPhone.Build.0 = Debug|Any CPU
		{4DACF82F-A8B0-4794-A52C-90371F043927}.Debug|iPhone.Deploy.0 = Debug|Any CPU
		{4DACF82F-A8B0-4794-A52C-90371F043927}.Debug|iPhoneSimulator.ActiveCfg = Debug|Any CPU
		{4DACF82F-A8B0-4794-A52C-90371F043927}.Debug|iPhoneSimulator.Build.0 = Debug|Any CPU
		{4DACF82F-A8B0-4794-A52C-90371F043927}.Debug|iPhoneSimulator.Deploy.0 = Debug|Any CPU
		{4DACF82F-A8B0-4794-A52C-90371F043927}.Release|Any CPU.ActiveCfg = Release|Any CPU
		{4DACF82F-A8B0-4794-A52C-90371F043927}.Release|Any CPU.Build.0 = Release|Any CPU
		{4DACF82F-A8B0-4794-A52C-90371F043927}.Release|Any CPU.Deploy.0 = Release|Any CPU
		{4DACF82F-A8B0-4794-A52C-90371F043927}.Release|iPhone.ActiveCfg = Release|Any CPU
		{4DACF82F-A8B0-4794-A52C-90371F043927}.Release|iPhone.Build.0 = Release|Any CPU
		{4DACF82F-A8B0-4794-A52C-90371F043927}.Release|iPhone.Deploy.0 = Release|Any CPU
		{4DACF82F-A8B0-4794-A52C-90371F043927}.Release|iPhoneSimulator.ActiveCfg = Release|Any CPU
		{4DACF82F-A8B0-4794-A52C-90371F043927}.Release|iPhoneSimulator.Build.0 = Release|Any CPU
		{4DACF82F-A8B0-4794-A52C-90371F043927}.Release|iPhoneSimulator.Deploy.0 = Release|Any CPU
	EndGlobalSection
	GlobalSection(SolutionProperties) = preSolution
		HideSolutionNode = FALSE
	EndGlobalSection
	GlobalSection(ExtensibilityGlobals) = postSolution
		SolutionGuid = {F2768243-3D35-45BA-B5C7-07004CA1F651}
	EndGlobalSection
EndGlobal
